// !$*UTF8*$!
{
	archiveVersion = 1;
	classes = {
	};
	objectVersion = 77;
	objects = {

/* Begin PBXContainerItemProxy section */
		147B6A022E3250A40072E35A /* PBXContainerItemProxy */ = {
			isa = PBXContainerItemProxy;
			containerPortal = 147B69EC2E3250A20072E35A /* Project object */;
			proxyType = 1;
			remoteGlobalIDString = 147B69F32E3250A20072E35A;
			remoteInfo = lyt;
		};
		147B6A0C2E3250A40072E35A /* PBXContainerItemProxy */ = {
			isa = PBXContainerItemProxy;
			containerPortal = 147B69EC2E3250A20072E35A /* Project object */;
			proxyType = 1;
			remoteGlobalIDString = 147B69F32E3250A20072E35A;
			remoteInfo = lyt;
		};
		14BA0BC02E36B00A00D8C95E /* PBXContainerItemProxy */ = {
			isa = PBXContainerItemProxy;
			containerPortal = 147B69EC2E3250A20072E35A /* Project object */;
			proxyType = 1;
			remoteGlobalIDString = 14BA0BB12E36B00900D8C95E;
			remoteInfo = macos;
		};
		14BA0BCA2E36B00A00D8C95E /* PBXContainerItemProxy */ = {
			isa = PBXContainerItemProxy;
			containerPortal = 147B69EC2E3250A20072E35A /* Project object */;
			proxyType = 1;
			remoteGlobalIDString = 14BA0BB12E36B00900D8C95E;
			remoteInfo = macos;
		};
		14BA0BEB2E36B02F00D8C95E /* PBXContainerItemProxy */ = {
			isa = PBXContainerItemProxy;
			containerPortal = 147B69EC2E3250A20072E35A /* Project object */;
			proxyType = 1;
			remoteGlobalIDString = 14BA0BDD2E36B02D00D8C95E;
			remoteInfo = ios;
		};
		14BA0BF52E36B02F00D8C95E /* PBXContainerItemProxy */ = {
			isa = PBXContainerItemProxy;
			containerPortal = 147B69EC2E3250A20072E35A /* Project object */;
			proxyType = 1;
			remoteGlobalIDString = 14BA0BDD2E36B02D00D8C95E;
			remoteInfo = ios;
		};
		14BA0C202E36B07800D8C95E /* PBXContainerItemProxy */ = {
			isa = PBXContainerItemProxy;
			containerPortal = 147B69EC2E3250A20072E35A /* Project object */;
			proxyType = 1;
			remoteGlobalIDString = 14BA0C082E36B07700D8C95E;
			remoteInfo = tvos;
		};
		14BA0C4B2E36B0A600D8C95E /* PBXContainerItemProxy */ = {
			isa = PBXContainerItemProxy;
			containerPortal = 147B69EC2E3250A20072E35A /* Project object */;
			proxyType = 1;
			remoteGlobalIDString = 14BA0C332E36B0A500D8C95E;
			remoteInfo = ipados;
		};
		14BA0C842E36BD9B00D8C95E /* PBXContainerItemProxy */ = {
			isa = PBXContainerItemProxy;
			containerPortal = 147B69EC2E3250A20072E35A /* Project object */;
			proxyType = 1;
			remoteGlobalIDString = 147B69F32E3250A20072E35A;
			remoteInfo = lyt;
		};
		14BA0C862E36BDA000D8C95E /* PBXContainerItemProxy */ = {
			isa = PBXContainerItemProxy;
			containerPortal = 147B69EC2E3250A20072E35A /* Project object */;
			proxyType = 1;
			remoteGlobalIDString = 147B69F32E3250A20072E35A;
			remoteInfo = lyt;
		};
		14BA0C882E36BDA700D8C95E /* PBXContainerItemProxy */ = {
			isa = PBXContainerItemProxy;
			containerPortal = 147B69EC2E3250A20072E35A /* Project object */;
			proxyType = 1;
			remoteGlobalIDString = 147B69F32E3250A20072E35A;
			remoteInfo = lyt;
		};
/* End PBXContainerItemProxy section */

/* Begin PBXFileReference section */
		140DCDC72E327B390081A580 /* lyt.xcodeproj */ = {isa = PBXFileReference; lastKnownFileType = "wrapper.pb-project"; path = lyt.xcodeproj; sourceTree = "<group>"; };
		147B69F42E3250A20072E35A /* lyt.app */ = {isa = PBXFileReference; explicitFileType = wrapper.application; includeInIndex = 0; path = lyt.app; sourceTree = BUILT_PRODUCTS_DIR; };
		147B6A012E3250A40072E35A /* lytTests.xctest */ = {isa = PBXFileReference; explicitFileType = wrapper.cfbundle; includeInIndex = 0; path = lytTests.xctest; sourceTree = BUILT_PRODUCTS_DIR; };
		147B6A0B2E3250A40072E35A /* lytUITests.xctest */ = {isa = PBXFileReference; explicitFileType = wrapper.cfbundle; includeInIndex = 0; path = lytUITests.xctest; sourceTree = BUILT_PRODUCTS_DIR; };
		147B6A2A2E3250C70072E35A /* lyt.xcodeproj */ = {isa = PBXFileReference; lastKnownFileType = "wrapper.pb-project"; path = lyt.xcodeproj; sourceTree = "<group>"; };
		14918E2C2E32884B00AA73E6 /* lyt.xcodeproj */ = {isa = PBXFileReference; lastKnownFileType = "wrapper.pb-project"; path = lyt.xcodeproj; sourceTree = "<group>"; };
		14ABD6B52E32896200E7F5A0 /* lyt.xcodeproj */ = {isa = PBXFileReference; lastKnownFileType = "wrapper.pb-project"; path = lyt.xcodeproj; sourceTree = "<group>"; };
		14BA0BB22E36B00900D8C95E /* macos.app */ = {isa = PBXFileReference; explicitFileType = wrapper.application; includeInIndex = 0; path = macos.app; sourceTree = BUILT_PRODUCTS_DIR; };
		14BA0BBF2E36B00A00D8C95E /* macosTests.xctest */ = {isa = PBXFileReference; explicitFileType = wrapper.cfbundle; includeInIndex = 0; path = macosTests.xctest; sourceTree = BUILT_PRODUCTS_DIR; };
		14BA0BC92E36B00A00D8C95E /* macosUITests.xctest */ = {isa = PBXFileReference; explicitFileType = wrapper.cfbundle; includeInIndex = 0; path = macosUITests.xctest; sourceTree = BUILT_PRODUCTS_DIR; };
		14BA0BDE2E36B02D00D8C95E /* ios.app */ = {isa = PBXFileReference; explicitFileType = wrapper.application; includeInIndex = 0; path = ios.app; sourceTree = BUILT_PRODUCTS_DIR; };
		14BA0BEA2E36B02F00D8C95E /* iosTests.xctest */ = {isa = PBXFileReference; explicitFileType = wrapper.cfbundle; includeInIndex = 0; path = iosTests.xctest; sourceTree = BUILT_PRODUCTS_DIR; };
		14BA0BF42E36B02F00D8C95E /* iosUITests.xctest */ = {isa = PBXFileReference; explicitFileType = wrapper.cfbundle; includeInIndex = 0; path = iosUITests.xctest; sourceTree = BUILT_PRODUCTS_DIR; };
		14BA0C092E36B07700D8C95E /* tvos.app */ = {isa = PBXFileReference; explicitFileType = wrapper.application; includeInIndex = 0; path = tvos.app; sourceTree = BUILT_PRODUCTS_DIR; };
		14BA0C152E36B07800D8C95E /* tvosTests.xctest */ = {isa = PBXFileReference; explicitFileType = wrapper.cfbundle; includeInIndex = 0; path = tvosTests.xctest; sourceTree = BUILT_PRODUCTS_DIR; };
		14BA0C1F2E36B07800D8C95E /* tvosUITests.xctest */ = {isa = PBXFileReference; explicitFileType = wrapper.cfbundle; includeInIndex = 0; path = tvosUITests.xctest; sourceTree = BUILT_PRODUCTS_DIR; };
		14BA0C342E36B0A500D8C95E /* ipados.app */ = {isa = PBXFileReference; explicitFileType = wrapper.application; includeInIndex = 0; path = ipados.app; sourceTree = BUILT_PRODUCTS_DIR; };
		14BA0C402E36B0A600D8C95E /* ipadosTests.xctest */ = {isa = PBXFileReference; explicitFileType = wrapper.cfbundle; includeInIndex = 0; path = ipadosTests.xctest; sourceTree = BUILT_PRODUCTS_DIR; };
		14BA0C4A2E36B0A600D8C95E /* ipadosUITests.xctest */ = {isa = PBXFileReference; explicitFileType = wrapper.cfbundle; includeInIndex = 0; path = ipadosUITests.xctest; sourceTree = BUILT_PRODUCTS_DIR; };
		14E679742E32732F000F31EA /* lyt.xcodeproj */ = {isa = PBXFileReference; lastKnownFileType = "wrapper.pb-project"; path = lyt.xcodeproj; sourceTree = "<group>"; };
/* End PBXFileReference section */

/* Begin PBXFileSystemSynchronizedBuildFileExceptionSet section */
		145698C52E32BCB600289223 /* Exceptions for "lyt" folder in "lyt" target */ = {
			isa = PBXFileSystemSynchronizedBuildFileExceptionSet;
			membershipExceptions = (
				Info.plist,
			);
			target = 147B69F32E3250A20072E35A /* lyt */;
		};
/* End PBXFileSystemSynchronizedBuildFileExceptionSet section */

/* Begin PBXFileSystemSynchronizedRootGroup section */
		147B69F62E3250A20072E35A /* lyt */ = {
			isa = PBXFileSystemSynchronizedRootGroup;
			exceptions = (
				145698C52E32BCB600289223 /* Exceptions for "lyt" folder in "lyt" target */,
			);
			path = lyt;
			sourceTree = "<group>";
		};
		147B6A042E3250A40072E35A /* lytTests */ = {
			isa = PBXFileSystemSynchronizedRootGroup;
			path = lytTests;
			sourceTree = "<group>";
		};
		147B6A0E2E3250A40072E35A /* lytUITests */ = {
			isa = PBXFileSystemSynchronizedRootGroup;
			path = lytUITests;
			sourceTree = "<group>";
		};
		14BA0BB32E36B00900D8C95E /* macos */ = {
			isa = PBXFileSystemSynchronizedRootGroup;
			path = macos;
			sourceTree = "<group>";
		};
		14BA0BC22E36B00A00D8C95E /* macosTests */ = {
			isa = PBXFileSystemSynchronizedRootGroup;
			path = macosTests;
			sourceTree = "<group>";
		};
		14BA0BCC2E36B00A00D8C95E /* macosUITests */ = {
			isa = PBXFileSystemSynchronizedRootGroup;
			path = macosUITests;
			sourceTree = "<group>";
		};
		14BA0BDF2E36B02D00D8C95E /* ios */ = {
			isa = PBXFileSystemSynchronizedRootGroup;
			path = ios;
			sourceTree = "<group>";
		};
		14BA0BED2E36B02F00D8C95E /* iosTests */ = {
			isa = PBXFileSystemSynchronizedRootGroup;
			path = iosTests;
			sourceTree = "<group>";
		};
		14BA0BF72E36B02F00D8C95E /* iosUITests */ = {
			isa = PBXFileSystemSynchronizedRootGroup;
			path = iosUITests;
			sourceTree = "<group>";
		};
		14BA0C0A2E36B07700D8C95E /* tvos */ = {
			isa = PBXFileSystemSynchronizedRootGroup;
			path = tvos;
			sourceTree = "<group>";
		};
		14BA0C182E36B07800D8C95E /* tvosTests */ = {
			isa = PBXFileSystemSynchronizedRootGroup;
			path = tvosTests;
			sourceTree = "<group>";
		};
		14BA0C222E36B07800D8C95E /* tvosUITests */ = {
			isa = PBXFileSystemSynchronizedRootGroup;
			path = tvosUITests;
			sourceTree = "<group>";
		};
		14BA0C352E36B0A500D8C95E /* ipados */ = {
			isa = PBXFileSystemSynchronizedRootGroup;
			path = ipados;
			sourceTree = "<group>";
		};
		14BA0C432E36B0A600D8C95E /* ipadosTests */ = {
			isa = PBXFileSystemSynchronizedRootGroup;
			path = ipadosTests;
			sourceTree = "<group>";
		};
		14BA0C4D2E36B0A600D8C95E /* ipadosUITests */ = {
			isa = PBXFileSystemSynchronizedRootGroup;
			path = ipadosUITests;
			sourceTree = "<group>";
		};
/* End PBXFileSystemSynchronizedRootGroup section */

/* Begin PBXFrameworksBuildPhase section */
		147B69F12E3250A20072E35A /* Frameworks */ = {
			isa = PBXFrameworksBuildPhase;
			buildActionMask = 2147483647;
			files = (
			);
			runOnlyForDeploymentPostprocessing = 0;
		};
		147B69FE2E3250A40072E35A /* Frameworks */ = {
			isa = PBXFrameworksBuildPhase;
			buildActionMask = 2147483647;
			files = (
			);
			runOnlyForDeploymentPostprocessing = 0;
		};
		147B6A082E3250A40072E35A /* Frameworks */ = {
			isa = PBXFrameworksBuildPhase;
			buildActionMask = 2147483647;
			files = (
			);
			runOnlyForDeploymentPostprocessing = 0;
		};
		14BA0BAF2E36B00900D8C95E /* Frameworks */ = {
			isa = PBXFrameworksBuildPhase;
			buildActionMask = 2147483647;
			files = (
			);
			runOnlyForDeploymentPostprocessing = 0;
		};
		14BA0BBC2E36B00A00D8C95E /* Frameworks */ = {
			isa = PBXFrameworksBuildPhase;
			buildActionMask = 2147483647;
			files = (
			);
			runOnlyForDeploymentPostprocessing = 0;
		};
		14BA0BC62E36B00A00D8C95E /* Frameworks */ = {
			isa = PBXFrameworksBuildPhase;
			buildActionMask = 2147483647;
			files = (
			);
			runOnlyForDeploymentPostprocessing = 0;
		};
		14BA0BDB2E36B02D00D8C95E /* Frameworks */ = {
			isa = PBXFrameworksBuildPhase;
			buildActionMask = 2147483647;
			files = (
			);
			runOnlyForDeploymentPostprocessing = 0;
		};
		14BA0BE72E36B02F00D8C95E /* Frameworks */ = {
			isa = PBXFrameworksBuildPhase;
			buildActionMask = 2147483647;
			files = (
			);
			runOnlyForDeploymentPostprocessing = 0;
		};
		14BA0BF12E36B02F00D8C95E /* Frameworks */ = {
			isa = PBXFrameworksBuildPhase;
			buildActionMask = 2147483647;
			files = (
			);
			runOnlyForDeploymentPostprocessing = 0;
		};
		14BA0C062E36B07700D8C95E /* Frameworks */ = {
			isa = PBXFrameworksBuildPhase;
			buildActionMask = 2147483647;
			files = (
			);
			runOnlyForDeploymentPostprocessing = 0;
		};
		14BA0C122E36B07800D8C95E /* Frameworks */ = {
			isa = PBXFrameworksBuildPhase;
			buildActionMask = 2147483647;
			files = (
			);
			runOnlyForDeploymentPostprocessing = 0;
		};
		14BA0C1C2E36B07800D8C95E /* Frameworks */ = {
			isa = PBXFrameworksBuildPhase;
			buildActionMask = 2147483647;
			files = (
			);
			runOnlyForDeploymentPostprocessing = 0;
		};
		14BA0C312E36B0A500D8C95E /* Frameworks */ = {
			isa = PBXFrameworksBuildPhase;
			buildActionMask = 2147483647;
			files = (
			);
			runOnlyForDeploymentPostprocessing = 0;
		};
		14BA0C3D2E36B0A600D8C95E /* Frameworks */ = {
			isa = PBXFrameworksBuildPhase;
			buildActionMask = 2147483647;
			files = (
			);
			runOnlyForDeploymentPostprocessing = 0;
		};
		14BA0C472E36B0A600D8C95E /* Frameworks */ = {
			isa = PBXFrameworksBuildPhase;
			buildActionMask = 2147483647;
			files = (
			);
			runOnlyForDeploymentPostprocessing = 0;
		};
/* End PBXFrameworksBuildPhase section */

/* Begin PBXGroup section */
		140DCDC92E327B390081A580 /* Products */ = {
			isa = PBXGroup;
			children = (
			);
			name = Products;
			sourceTree = "<group>";
		};
		147B69EB2E3250A20072E35A = {
			isa = PBXGroup;
			children = (
				147B69F62E3250A20072E35A /* lyt */,
				147B6A042E3250A40072E35A /* lytTests */,
				147B6A0E2E3250A40072E35A /* lytUITests */,
				14BA0BB32E36B00900D8C95E /* macos */,
				14BA0BC22E36B00A00D8C95E /* macosTests */,
				14BA0BCC2E36B00A00D8C95E /* macosUITests */,
				14BA0BDF2E36B02D00D8C95E /* ios */,
				14BA0BED2E36B02F00D8C95E /* iosTests */,
				14BA0BF72E36B02F00D8C95E /* iosUITests */,
				14BA0C0A2E36B07700D8C95E /* tvos */,
				14BA0C182E36B07800D8C95E /* tvosTests */,
				14BA0C222E36B07800D8C95E /* tvosUITests */,
				14BA0C352E36B0A500D8C95E /* ipados */,
				14BA0C432E36B0A600D8C95E /* ipadosTests */,
				14BA0C4D2E36B0A600D8C95E /* ipadosUITests */,
				147B69F52E3250A20072E35A /* Products */,
			);
			sourceTree = "<group>";
		};
		147B69F52E3250A20072E35A /* Products */ = {
			isa = PBXGroup;
			children = (
				147B69F42E3250A20072E35A /* lyt.app */,
				147B6A012E3250A40072E35A /* lytTests.xctest */,
				147B6A0B2E3250A40072E35A /* lytUITests.xctest */,
				14BA0BB22E36B00900D8C95E /* macos.app */,
				14BA0BBF2E36B00A00D8C95E /* macosTests.xctest */,
				14BA0BC92E36B00A00D8C95E /* macosUITests.xctest */,
				14BA0BDE2E36B02D00D8C95E /* ios.app */,
				14BA0BEA2E36B02F00D8C95E /* iosTests.xctest */,
				14BA0BF42E36B02F00D8C95E /* iosUITests.xctest */,
				14BA0C092E36B07700D8C95E /* tvos.app */,
				14BA0C152E36B07800D8C95E /* tvosTests.xctest */,
				14BA0C1F2E36B07800D8C95E /* tvosUITests.xctest */,
				14BA0C342E36B0A500D8C95E /* ipados.app */,
				14BA0C402E36B0A600D8C95E /* ipadosTests.xctest */,
				14BA0C4A2E36B0A600D8C95E /* ipadosUITests.xctest */,
			);
			name = Products;
			sourceTree = "<group>";
		};
		147B6A2B2E3250C70072E35A /* Products */ = {
			isa = PBXGroup;
			children = (
			);
			name = Products;
			sourceTree = "<group>";
		};
		14918E2E2E32884B00AA73E6 /* Products */ = {
			isa = PBXGroup;
			children = (
			);
			name = Products;
			sourceTree = "<group>";
		};
		14ABD6B72E32896200E7F5A0 /* Products */ = {
			isa = PBXGroup;
			children = (
			);
			name = Products;
			sourceTree = "<group>";
		};
		14E679762E32732F000F31EA /* Products */ = {
			isa = PBXGroup;
			children = (
			);
			name = Products;
			sourceTree = "<group>";
		};
/* End PBXGroup section */

/* Begin PBXNativeTarget section */
		147B69F32E3250A20072E35A /* lyt */ = {
			isa = PBXNativeTarget;
			buildConfigurationList = 147B6A152E3250A40072E35A /* Build configuration list for PBXNativeTarget "lyt" */;
			buildPhases = (
				147B69F02E3250A20072E35A /* Sources */,
				147B69F12E3250A20072E35A /* Frameworks */,
				147B69F22E3250A20072E35A /* Resources */,
			);
			buildRules = (
			);
			dependencies = (
			);
			fileSystemSynchronizedGroups = (
				147B69F62E3250A20072E35A /* lyt */,
			);
			name = lyt;
			packageProductDependencies = (
			);
			productName = lyt;
			productReference = 147B69F42E3250A20072E35A /* lyt.app */;
			productType = "com.apple.product-type.application";
		};
		147B6A002E3250A40072E35A /* lytTests */ = {
			isa = PBXNativeTarget;
			buildConfigurationList = 147B6A182E3250A40072E35A /* Build configuration list for PBXNativeTarget "lytTests" */;
			buildPhases = (
				147B69FD2E3250A40072E35A /* Sources */,
				147B69FE2E3250A40072E35A /* Frameworks */,
				147B69FF2E3250A40072E35A /* Resources */,
			);
			buildRules = (
			);
			dependencies = (
				147B6A032E3250A40072E35A /* PBXTargetDependency */,
			);
			fileSystemSynchronizedGroups = (
				147B6A042E3250A40072E35A /* lytTests */,
			);
			name = lytTests;
			packageProductDependencies = (
			);
			productName = lytTests;
			productReference = 147B6A012E3250A40072E35A /* lytTests.xctest */;
			productType = "com.apple.product-type.bundle.unit-test";
		};
		147B6A0A2E3250A40072E35A /* lytUITests */ = {
			isa = PBXNativeTarget;
			buildConfigurationList = 147B6A1B2E3250A40072E35A /* Build configuration list for PBXNativeTarget "lytUITests" */;
			buildPhases = (
				147B6A072E3250A40072E35A /* Sources */,
				147B6A082E3250A40072E35A /* Frameworks */,
				147B6A092E3250A40072E35A /* Resources */,
			);
			buildRules = (
			);
			dependencies = (
				147B6A0D2E3250A40072E35A /* PBXTargetDependency */,
			);
			fileSystemSynchronizedGroups = (
				147B6A0E2E3250A40072E35A /* lytUITests */,
			);
			name = lytUITests;
			packageProductDependencies = (
			);
			productName = lytUITests;
			productReference = 147B6A0B2E3250A40072E35A /* lytUITests.xctest */;
			productType = "com.apple.product-type.bundle.ui-testing";
		};
		14BA0BB12E36B00900D8C95E /* macos */ = {
			isa = PBXNativeTarget;
			buildConfigurationList = 14BA0BD12E36B00A00D8C95E /* Build configuration list for PBXNativeTarget "macos" */;
			buildPhases = (
				14BA0BAE2E36B00900D8C95E /* Sources */,
				14BA0BAF2E36B00900D8C95E /* Frameworks */,
				14BA0BB02E36B00900D8C95E /* Resources */,
			);
			buildRules = (
			);
			dependencies = (
			);
			fileSystemSynchronizedGroups = (
				14BA0BB32E36B00900D8C95E /* macos */,
			);
			name = macos;
			packageProductDependencies = (
			);
			productName = macos;
			productReference = 14BA0BB22E36B00900D8C95E /* macos.app */;
			productType = "com.apple.product-type.application";
		};
		14BA0BBE2E36B00A00D8C95E /* macosTests */ = {
			isa = PBXNativeTarget;
			buildConfigurationList = 14BA0BD42E36B00A00D8C95E /* Build configuration list for PBXNativeTarget "macosTests" */;
			buildPhases = (
				14BA0BBB2E36B00A00D8C95E /* Sources */,
				14BA0BBC2E36B00A00D8C95E /* Frameworks */,
				14BA0BBD2E36B00A00D8C95E /* Resources */,
			);
			buildRules = (
			);
			dependencies = (
				14BA0BC12E36B00A00D8C95E /* PBXTargetDependency */,
			);
			fileSystemSynchronizedGroups = (
				14BA0BC22E36B00A00D8C95E /* macosTests */,
			);
			name = macosTests;
			packageProductDependencies = (
			);
			productName = macosTests;
			productReference = 14BA0BBF2E36B00A00D8C95E /* macosTests.xctest */;
			productType = "com.apple.product-type.bundle.unit-test";
		};
		14BA0BC82E36B00A00D8C95E /* macosUITests */ = {
			isa = PBXNativeTarget;
			buildConfigurationList = 14BA0BD72E36B00A00D8C95E /* Build configuration list for PBXNativeTarget "macosUITests" */;
			buildPhases = (
				14BA0BC52E36B00A00D8C95E /* Sources */,
				14BA0BC62E36B00A00D8C95E /* Frameworks */,
				14BA0BC72E36B00A00D8C95E /* Resources */,
			);
			buildRules = (
			);
			dependencies = (
				14BA0BCB2E36B00A00D8C95E /* PBXTargetDependency */,
			);
			fileSystemSynchronizedGroups = (
				14BA0BCC2E36B00A00D8C95E /* macosUITests */,
			);
			name = macosUITests;
			packageProductDependencies = (
			);
			productName = macosUITests;
			productReference = 14BA0BC92E36B00A00D8C95E /* macosUITests.xctest */;
			productType = "com.apple.product-type.bundle.ui-testing";
		};
		14BA0BDD2E36B02D00D8C95E /* ios */ = {
			isa = PBXNativeTarget;
			buildConfigurationList = 14BA0BFC2E36B02F00D8C95E /* Build configuration list for PBXNativeTarget "ios" */;
			buildPhases = (
				14BA0BDA2E36B02D00D8C95E /* Sources */,
				14BA0BDB2E36B02D00D8C95E /* Frameworks */,
				14BA0BDC2E36B02D00D8C95E /* Resources */,
			);
			buildRules = (
			);
			dependencies = (
				14BA0C852E36BD9B00D8C95E /* PBXTargetDependency */,
			);
			fileSystemSynchronizedGroups = (
				14BA0BDF2E36B02D00D8C95E /* ios */,
			);
			name = ios;
			packageProductDependencies = (
			);
			productName = ios;
			productReference = 14BA0BDE2E36B02D00D8C95E /* ios.app */;
			productType = "com.apple.product-type.application";
		};
		14BA0BE92E36B02F00D8C95E /* iosTests */ = {
			isa = PBXNativeTarget;
			buildConfigurationList = 14BA0BFF2E36B02F00D8C95E /* Build configuration list for PBXNativeTarget "iosTests" */;
			buildPhases = (
				14BA0BE62E36B02F00D8C95E /* Sources */,
				14BA0BE72E36B02F00D8C95E /* Frameworks */,
				14BA0BE82E36B02F00D8C95E /* Resources */,
			);
			buildRules = (
			);
			dependencies = (
				14BA0BEC2E36B02F00D8C95E /* PBXTargetDependency */,
			);
			fileSystemSynchronizedGroups = (
				14BA0BED2E36B02F00D8C95E /* iosTests */,
			);
			name = iosTests;
			packageProductDependencies = (
			);
			productName = iosTests;
			productReference = 14BA0BEA2E36B02F00D8C95E /* iosTests.xctest */;
			productType = "com.apple.product-type.bundle.unit-test";
		};
		14BA0BF32E36B02F00D8C95E /* iosUITests */ = {
			isa = PBXNativeTarget;
			buildConfigurationList = 14BA0C022E36B02F00D8C95E /* Build configuration list for PBXNativeTarget "iosUITests" */;
			buildPhases = (
				14BA0BF02E36B02F00D8C95E /* Sources */,
				14BA0BF12E36B02F00D8C95E /* Frameworks */,
				14BA0BF22E36B02F00D8C95E /* Resources */,
			);
			buildRules = (
			);
			dependencies = (
				14BA0BF62E36B02F00D8C95E /* PBXTargetDependency */,
			);
			fileSystemSynchronizedGroups = (
				14BA0BF72E36B02F00D8C95E /* iosUITests */,
			);
			name = iosUITests;
			packageProductDependencies = (
			);
			productName = iosUITests;
			productReference = 14BA0BF42E36B02F00D8C95E /* iosUITests.xctest */;
			productType = "com.apple.product-type.bundle.ui-testing";
		};
		14BA0C082E36B07700D8C95E /* tvos */ = {
			isa = PBXNativeTarget;
			buildConfigurationList = 14BA0C272E36B07900D8C95E /* Build configuration list for PBXNativeTarget "tvos" */;
			buildPhases = (
				14BA0C052E36B07700D8C95E /* Sources */,
				14BA0C062E36B07700D8C95E /* Frameworks */,
				14BA0C072E36B07700D8C95E /* Resources */,
			);
			buildRules = (
			);
			dependencies = (
				14BA0C872E36BDA000D8C95E /* PBXTargetDependency */,
			);
			fileSystemSynchronizedGroups = (
				14BA0C0A2E36B07700D8C95E /* tvos */,
			);
			name = tvos;
			packageProductDependencies = (
			);
			productName = tvos;
			productReference = 14BA0C092E36B07700D8C95E /* tvos.app */;
			productType = "com.apple.product-type.application";
		};
		14BA0C142E36B07800D8C95E /* tvosTests */ = {
			isa = PBXNativeTarget;
			buildConfigurationList = 14BA0C2A2E36B07900D8C95E /* Build configuration list for PBXNativeTarget "tvosTests" */;
			buildPhases = (
				14BA0C112E36B07800D8C95E /* Sources */,
				14BA0C122E36B07800D8C95E /* Frameworks */,
				14BA0C132E36B07800D8C95E /* Resources */,
			);
			buildRules = (
			);
			dependencies = (
			);
			fileSystemSynchronizedGroups = (
				14BA0C182E36B07800D8C95E /* tvosTests */,
			);
			name = tvosTests;
			packageProductDependencies = (
			);
			productName = tvosTests;
			productReference = 14BA0C152E36B07800D8C95E /* tvosTests.xctest */;
			productType = "com.apple.product-type.bundle.unit-test";
		};
		14BA0C1E2E36B07800D8C95E /* tvosUITests */ = {
			isa = PBXNativeTarget;
			buildConfigurationList = 14BA0C2D2E36B07900D8C95E /* Build configuration list for PBXNativeTarget "tvosUITests" */;
			buildPhases = (
				14BA0C1B2E36B07800D8C95E /* Sources */,
				14BA0C1C2E36B07800D8C95E /* Frameworks */,
				14BA0C1D2E36B07800D8C95E /* Resources */,
			);
			buildRules = (
			);
			dependencies = (
				14BA0C212E36B07800D8C95E /* PBXTargetDependency */,
			);
			fileSystemSynchronizedGroups = (
				14BA0C222E36B07800D8C95E /* tvosUITests */,
			);
			name = tvosUITests;
			packageProductDependencies = (
			);
			productName = tvosUITests;
			productReference = 14BA0C1F2E36B07800D8C95E /* tvosUITests.xctest */;
			productType = "com.apple.product-type.bundle.ui-testing";
		};
		14BA0C332E36B0A500D8C95E /* ipados */ = {
			isa = PBXNativeTarget;
			buildConfigurationList = 14BA0C522E36B0A600D8C95E /* Build configuration list for PBXNativeTarget "ipados" */;
			buildPhases = (
				14BA0C302E36B0A500D8C95E /* Sources */,
				14BA0C312E36B0A500D8C95E /* Frameworks */,
				14BA0C322E36B0A500D8C95E /* Resources */,
			);
			buildRules = (
			);
			dependencies = (
				14BA0C892E36BDA700D8C95E /* PBXTargetDependency */,
			);
			fileSystemSynchronizedGroups = (
				14BA0C352E36B0A500D8C95E /* ipados */,
			);
			name = ipados;
			packageProductDependencies = (
			);
			productName = ipados;
			productReference = 14BA0C342E36B0A500D8C95E /* ipados.app */;
			productType = "com.apple.product-type.application";
		};
		14BA0C3F2E36B0A600D8C95E /* ipadosTests */ = {
			isa = PBXNativeTarget;
			buildConfigurationList = 14BA0C552E36B0A600D8C95E /* Build configuration list for PBXNativeTarget "ipadosTests" */;
			buildPhases = (
				14BA0C3C2E36B0A600D8C95E /* Sources */,
				14BA0C3D2E36B0A600D8C95E /* Frameworks */,
				14BA0C3E2E36B0A600D8C95E /* Resources */,
			);
			buildRules = (
			);
			dependencies = (
			);
			fileSystemSynchronizedGroups = (
				14BA0C432E36B0A600D8C95E /* ipadosTests */,
			);
			name = ipadosTests;
			packageProductDependencies = (
			);
			productName = ipadosTests;
			productReference = 14BA0C402E36B0A600D8C95E /* ipadosTests.xctest */;
			productType = "com.apple.product-type.bundle.unit-test";
		};
		14BA0C492E36B0A600D8C95E /* ipadosUITests */ = {
			isa = PBXNativeTarget;
			buildConfigurationList = 14BA0C582E36B0A600D8C95E /* Build configuration list for PBXNativeTarget "ipadosUITests" */;
			buildPhases = (
				14BA0C462E36B0A600D8C95E /* Sources */,
				14BA0C472E36B0A600D8C95E /* Frameworks */,
				14BA0C482E36B0A600D8C95E /* Resources */,
			);
			buildRules = (
			);
			dependencies = (
				14BA0C4C2E36B0A600D8C95E /* PBXTargetDependency */,
			);
			fileSystemSynchronizedGroups = (
				14BA0C4D2E36B0A600D8C95E /* ipadosUITests */,
			);
			name = ipadosUITests;
			packageProductDependencies = (
			);
			productName = ipadosUITests;
			productReference = 14BA0C4A2E36B0A600D8C95E /* ipadosUITests.xctest */;
			productType = "com.apple.product-type.bundle.ui-testing";
		};
/* End PBXNativeTarget section */

/* Begin PBXProject section */
		147B69EC2E3250A20072E35A /* Project object */ = {
			isa = PBXProject;
			attributes = {
				BuildIndependentTargetsInParallel = 1;
				LastSwiftUpdateCheck = 1640;
				LastUpgradeCheck = 2600;
				TargetAttributes = {
					147B69F32E3250A20072E35A = {
						CreatedOnToolsVersion = 26.0;
					};
					147B6A002E3250A40072E35A = {
						CreatedOnToolsVersion = 26.0;
						TestTargetID = 147B69F32E3250A20072E35A;
					};
					147B6A0A2E3250A40072E35A = {
						CreatedOnToolsVersion = 26.0;
						TestTargetID = 147B69F32E3250A20072E35A;
					};
					14BA0BB12E36B00900D8C95E = {
						CreatedOnToolsVersion = 16.4;
					};
					14BA0BBE2E36B00A00D8C95E = {
						CreatedOnToolsVersion = 16.4;
						TestTargetID = 14BA0BB12E36B00900D8C95E;
					};
					14BA0BC82E36B00A00D8C95E = {
						CreatedOnToolsVersion = 16.4;
						TestTargetID = 14BA0BB12E36B00900D8C95E;
					};
					14BA0BDD2E36B02D00D8C95E = {
						CreatedOnToolsVersion = 16.4;
					};
					14BA0BE92E36B02F00D8C95E = {
						CreatedOnToolsVersion = 16.4;
						TestTargetID = 14BA0BDD2E36B02D00D8C95E;
					};
					14BA0BF32E36B02F00D8C95E = {
						CreatedOnToolsVersion = 16.4;
						TestTargetID = 14BA0BDD2E36B02D00D8C95E;
					};
					14BA0C082E36B07700D8C95E = {
						CreatedOnToolsVersion = 16.4;
					};
					14BA0C142E36B07800D8C95E = {
						CreatedOnToolsVersion = 16.4;
						TestTargetID = 14BA0C082E36B07700D8C95E;
					};
					14BA0C1E2E36B07800D8C95E = {
						CreatedOnToolsVersion = 16.4;
						TestTargetID = 14BA0C082E36B07700D8C95E;
					};
					14BA0C332E36B0A500D8C95E = {
						CreatedOnToolsVersion = 16.4;
					};
					14BA0C3F2E36B0A600D8C95E = {
						CreatedOnToolsVersion = 16.4;
						TestTargetID = 14BA0C332E36B0A500D8C95E;
					};
					14BA0C492E36B0A600D8C95E = {
						CreatedOnToolsVersion = 16.4;
						TestTargetID = 14BA0C332E36B0A500D8C95E;
					};
				};
			};
			buildConfigurationList = 147B69EF2E3250A20072E35A /* Build configuration list for PBXProject "lyt" */;
			developmentRegion = en;
			hasScannedForEncodings = 0;
			knownRegions = (
				en,
				Base,
			);
			mainGroup = 147B69EB2E3250A20072E35A;
			minimizedProjectReferenceProxies = 1;
			preferredProjectObjectVersion = 77;
			productRefGroup = 147B69F52E3250A20072E35A /* Products */;
			projectDirPath = "";
			projectReferences = (
				{
					ProductGroup = 14E679762E32732F000F31EA /* Products */;
					ProjectRef = 14E679742E32732F000F31EA /* lyt.xcodeproj */;
				},
				{
					ProductGroup = 14918E2E2E32884B00AA73E6 /* Products */;
					ProjectRef = 14918E2C2E32884B00AA73E6 /* lyt.xcodeproj */;
				},
				{
					ProductGroup = 140DCDC92E327B390081A580 /* Products */;
					ProjectRef = 140DCDC72E327B390081A580 /* lyt.xcodeproj */;
				},
				{
					ProductGroup = 14ABD6B72E32896200E7F5A0 /* Products */;
					ProjectRef = 14ABD6B52E32896200E7F5A0 /* lyt.xcodeproj */;
				},
				{
					ProductGroup = 147B6A2B2E3250C70072E35A /* Products */;
					ProjectRef = 147B6A2A2E3250C70072E35A /* lyt.xcodeproj */;
				},
			);
			projectRoot = "";
			targets = (
				147B69F32E3250A20072E35A /* lyt */,
				147B6A002E3250A40072E35A /* lytTests */,
				147B6A0A2E3250A40072E35A /* lytUITests */,
				14BA0BB12E36B00900D8C95E /* macos */,
				14BA0BBE2E36B00A00D8C95E /* macosTests */,
				14BA0BC82E36B00A00D8C95E /* macosUITests */,
				14BA0BDD2E36B02D00D8C95E /* ios */,
				14BA0BE92E36B02F00D8C95E /* iosTests */,
				14BA0BF32E36B02F00D8C95E /* iosUITests */,
				14BA0C082E36B07700D8C95E /* tvos */,
				14BA0C142E36B07800D8C95E /* tvosTests */,
				14BA0C1E2E36B07800D8C95E /* tvosUITests */,
				14BA0C332E36B0A500D8C95E /* ipados */,
				14BA0C3F2E36B0A600D8C95E /* ipadosTests */,
				14BA0C492E36B0A600D8C95E /* ipadosUITests */,
			);
		};
/* End PBXProject section */

/* Begin PBXResourcesBuildPhase section */
		147B69F22E3250A20072E35A /* Resources */ = {
			isa = PBXResourcesBuildPhase;
			buildActionMask = 2147483647;
			files = (
			);
			runOnlyForDeploymentPostprocessing = 0;
		};
		147B69FF2E3250A40072E35A /* Resources */ = {
			isa = PBXResourcesBuildPhase;
			buildActionMask = 2147483647;
			files = (
			);
			runOnlyForDeploymentPostprocessing = 0;
		};
		147B6A092E3250A40072E35A /* Resources */ = {
			isa = PBXResourcesBuildPhase;
			buildActionMask = 2147483647;
			files = (
			);
			runOnlyForDeploymentPostprocessing = 0;
		};
		14BA0BB02E36B00900D8C95E /* Resources */ = {
			isa = PBXResourcesBuildPhase;
			buildActionMask = 2147483647;
			files = (
			);
			runOnlyForDeploymentPostprocessing = 0;
		};
		14BA0BBD2E36B00A00D8C95E /* Resources */ = {
			isa = PBXResourcesBuildPhase;
			buildActionMask = 2147483647;
			files = (
			);
			runOnlyForDeploymentPostprocessing = 0;
		};
		14BA0BC72E36B00A00D8C95E /* Resources */ = {
			isa = PBXResourcesBuildPhase;
			buildActionMask = 2147483647;
			files = (
			);
			runOnlyForDeploymentPostprocessing = 0;
		};
		14BA0BDC2E36B02D00D8C95E /* Resources */ = {
			isa = PBXResourcesBuildPhase;
			buildActionMask = 2147483647;
			files = (
			);
			runOnlyForDeploymentPostprocessing = 0;
		};
		14BA0BE82E36B02F00D8C95E /* Resources */ = {
			isa = PBXResourcesBuildPhase;
			buildActionMask = 2147483647;
			files = (
			);
			runOnlyForDeploymentPostprocessing = 0;
		};
		14BA0BF22E36B02F00D8C95E /* Resources */ = {
			isa = PBXResourcesBuildPhase;
			buildActionMask = 2147483647;
			files = (
			);
			runOnlyForDeploymentPostprocessing = 0;
		};
		14BA0C072E36B07700D8C95E /* Resources */ = {
			isa = PBXResourcesBuildPhase;
			buildActionMask = 2147483647;
			files = (
			);
			runOnlyForDeploymentPostprocessing = 0;
		};
		14BA0C132E36B07800D8C95E /* Resources */ = {
			isa = PBXResourcesBuildPhase;
			buildActionMask = 2147483647;
			files = (
			);
			runOnlyForDeploymentPostprocessing = 0;
		};
		14BA0C1D2E36B07800D8C95E /* Resources */ = {
			isa = PBXResourcesBuildPhase;
			buildActionMask = 2147483647;
			files = (
			);
			runOnlyForDeploymentPostprocessing = 0;
		};
		14BA0C322E36B0A500D8C95E /* Resources */ = {
			isa = PBXResourcesBuildPhase;
			buildActionMask = 2147483647;
			files = (
			);
			runOnlyForDeploymentPostprocessing = 0;
		};
		14BA0C3E2E36B0A600D8C95E /* Resources */ = {
			isa = PBXResourcesBuildPhase;
			buildActionMask = 2147483647;
			files = (
			);
			runOnlyForDeploymentPostprocessing = 0;
		};
		14BA0C482E36B0A600D8C95E /* Resources */ = {
			isa = PBXResourcesBuildPhase;
			buildActionMask = 2147483647;
			files = (
			);
			runOnlyForDeploymentPostprocessing = 0;
		};
/* End PBXResourcesBuildPhase section */

/* Begin PBXSourcesBuildPhase section */
		147B69F02E3250A20072E35A /* Sources */ = {
			isa = PBXSourcesBuildPhase;
			buildActionMask = 2147483647;
			files = (
			);
			runOnlyForDeploymentPostprocessing = 0;
		};
		147B69FD2E3250A40072E35A /* Sources */ = {
			isa = PBXSourcesBuildPhase;
			buildActionMask = 2147483647;
			files = (
			);
			runOnlyForDeploymentPostprocessing = 0;
		};
		147B6A072E3250A40072E35A /* Sources */ = {
			isa = PBXSourcesBuildPhase;
			buildActionMask = 2147483647;
			files = (
			);
			runOnlyForDeploymentPostprocessing = 0;
		};
		14BA0BAE2E36B00900D8C95E /* Sources */ = {
			isa = PBXSourcesBuildPhase;
			buildActionMask = 2147483647;
			files = (
			);
			runOnlyForDeploymentPostprocessing = 0;
		};
		14BA0BBB2E36B00A00D8C95E /* Sources */ = {
			isa = PBXSourcesBuildPhase;
			buildActionMask = 2147483647;
			files = (
			);
			runOnlyForDeploymentPostprocessing = 0;
		};
		14BA0BC52E36B00A00D8C95E /* Sources */ = {
			isa = PBXSourcesBuildPhase;
			buildActionMask = 2147483647;
			files = (
			);
			runOnlyForDeploymentPostprocessing = 0;
		};
		14BA0BDA2E36B02D00D8C95E /* Sources */ = {
			isa = PBXSourcesBuildPhase;
			buildActionMask = 2147483647;
			files = (
			);
			runOnlyForDeploymentPostprocessing = 0;
		};
		14BA0BE62E36B02F00D8C95E /* Sources */ = {
			isa = PBXSourcesBuildPhase;
			buildActionMask = 2147483647;
			files = (
			);
			runOnlyForDeploymentPostprocessing = 0;
		};
		14BA0BF02E36B02F00D8C95E /* Sources */ = {
			isa = PBXSourcesBuildPhase;
			buildActionMask = 2147483647;
			files = (
			);
			runOnlyForDeploymentPostprocessing = 0;
		};
		14BA0C052E36B07700D8C95E /* Sources */ = {
			isa = PBXSourcesBuildPhase;
			buildActionMask = 2147483647;
			files = (
			);
			runOnlyForDeploymentPostprocessing = 0;
		};
		14BA0C112E36B07800D8C95E /* Sources */ = {
			isa = PBXSourcesBuildPhase;
			buildActionMask = 2147483647;
			files = (
			);
			runOnlyForDeploymentPostprocessing = 0;
		};
		14BA0C1B2E36B07800D8C95E /* Sources */ = {
			isa = PBXSourcesBuildPhase;
			buildActionMask = 2147483647;
			files = (
			);
			runOnlyForDeploymentPostprocessing = 0;
		};
		14BA0C302E36B0A500D8C95E /* Sources */ = {
			isa = PBXSourcesBuildPhase;
			buildActionMask = 2147483647;
			files = (
			);
			runOnlyForDeploymentPostprocessing = 0;
		};
		14BA0C3C2E36B0A600D8C95E /* Sources */ = {
			isa = PBXSourcesBuildPhase;
			buildActionMask = 2147483647;
			files = (
			);
			runOnlyForDeploymentPostprocessing = 0;
		};
		14BA0C462E36B0A600D8C95E /* Sources */ = {
			isa = PBXSourcesBuildPhase;
			buildActionMask = 2147483647;
			files = (
			);
			runOnlyForDeploymentPostprocessing = 0;
		};
/* End PBXSourcesBuildPhase section */

/* Begin PBXTargetDependency section */
		147B6A032E3250A40072E35A /* PBXTargetDependency */ = {
			isa = PBXTargetDependency;
			target = 147B69F32E3250A20072E35A /* lyt */;
			targetProxy = 147B6A022E3250A40072E35A /* PBXContainerItemProxy */;
		};
		147B6A0D2E3250A40072E35A /* PBXTargetDependency */ = {
			isa = PBXTargetDependency;
			target = 147B69F32E3250A20072E35A /* lyt */;
			targetProxy = 147B6A0C2E3250A40072E35A /* PBXContainerItemProxy */;
		};
		14BA0BC12E36B00A00D8C95E /* PBXTargetDependency */ = {
			isa = PBXTargetDependency;
			target = 14BA0BB12E36B00900D8C95E /* macos */;
			targetProxy = 14BA0BC02E36B00A00D8C95E /* PBXContainerItemProxy */;
		};
		14BA0BCB2E36B00A00D8C95E /* PBXTargetDependency */ = {
			isa = PBXTargetDependency;
			target = 14BA0BB12E36B00900D8C95E /* macos */;
			targetProxy = 14BA0BCA2E36B00A00D8C95E /* PBXContainerItemProxy */;
		};
		14BA0BEC2E36B02F00D8C95E /* PBXTargetDependency */ = {
			isa = PBXTargetDependency;
			target = 14BA0BDD2E36B02D00D8C95E /* ios */;
			targetProxy = 14BA0BEB2E36B02F00D8C95E /* PBXContainerItemProxy */;
		};
		14BA0BF62E36B02F00D8C95E /* PBXTargetDependency */ = {
			isa = PBXTargetDependency;
			target = 14BA0BDD2E36B02D00D8C95E /* ios */;
			targetProxy = 14BA0BF52E36B02F00D8C95E /* PBXContainerItemProxy */;
		};
		14BA0C212E36B07800D8C95E /* PBXTargetDependency */ = {
			isa = PBXTargetDependency;
			target = 14BA0C082E36B07700D8C95E /* tvos */;
			targetProxy = 14BA0C202E36B07800D8C95E /* PBXContainerItemProxy */;
		};
		14BA0C4C2E36B0A600D8C95E /* PBXTargetDependency */ = {
			isa = PBXTargetDependency;
			target = 14BA0C332E36B0A500D8C95E /* ipados */;
			targetProxy = 14BA0C4B2E36B0A600D8C95E /* PBXContainerItemProxy */;
		};
		14BA0C852E36BD9B00D8C95E /* PBXTargetDependency */ = {
			isa = PBXTargetDependency;
			target = 147B69F32E3250A20072E35A /* lyt */;
			targetProxy = 14BA0C842E36BD9B00D8C95E /* PBXContainerItemProxy */;
		};
		14BA0C872E36BDA000D8C95E /* PBXTargetDependency */ = {
			isa = PBXTargetDependency;
			target = 147B69F32E3250A20072E35A /* lyt */;
			targetProxy = 14BA0C862E36BDA000D8C95E /* PBXContainerItemProxy */;
		};
		14BA0C892E36BDA700D8C95E /* PBXTargetDependency */ = {
			isa = PBXTargetDependency;
			target = 147B69F32E3250A20072E35A /* lyt */;
			targetProxy = 14BA0C882E36BDA700D8C95E /* PBXContainerItemProxy */;
		};
/* End PBXTargetDependency section */

/* Begin XCBuildConfiguration section */
		147B6A132E3250A40072E35A /* Debug */ = {
			isa = XCBuildConfiguration;
			buildSettings = {
				ALLOW_TARGET_PLATFORM_SPECIALIZATION = YES;
				ALWAYS_SEARCH_USER_PATHS = NO;
				ASSETCATALOG_COMPILER_GENERATE_SWIFT_ASSET_SYMBOL_EXTENSIONS = YES;
				CLANG_ANALYZER_NONNULL = YES;
				CLANG_ANALYZER_NUMBER_OBJECT_CONVERSION = YES_AGGRESSIVE;
				CLANG_CXX_LANGUAGE_STANDARD = "gnu++20";
				CLANG_ENABLE_MODULES = YES;
				CLANG_ENABLE_OBJC_ARC = YES;
				CLANG_ENABLE_OBJC_WEAK = YES;
				CLANG_WARN_BLOCK_CAPTURE_AUTORELEASING = YES;
				CLANG_WARN_BOOL_CONVERSION = YES;
				CLANG_WARN_COMMA = YES;
				CLANG_WARN_CONSTANT_CONVERSION = YES;
				CLANG_WARN_DEPRECATED_OBJC_IMPLEMENTATIONS = YES;
				CLANG_WARN_DIRECT_OBJC_ISA_USAGE = YES_ERROR;
				CLANG_WARN_DOCUMENTATION_COMMENTS = YES;
				CLANG_WARN_EMPTY_BODY = YES;
				CLANG_WARN_ENUM_CONVERSION = YES;
				CLANG_WARN_INFINITE_RECURSION = YES;
				CLANG_WARN_INT_CONVERSION = YES;
				CLANG_WARN_NON_LITERAL_NULL_CONVERSION = YES;
				CLANG_WARN_OBJC_IMPLICIT_RETAIN_SELF = YES;
				CLANG_WARN_OBJC_LITERAL_CONVERSION = YES;
				CLANG_WARN_OBJC_ROOT_CLASS = YES_ERROR;
				CLANG_WARN_QUOTED_INCLUDE_IN_FRAMEWORK_HEADER = YES;
				CLANG_WARN_RANGE_LOOP_ANALYSIS = YES;
				CLANG_WARN_STRICT_PROTOTYPES = YES;
				CLANG_WARN_SUSPICIOUS_MOVE = YES;
				CLANG_WARN_UNGUARDED_AVAILABILITY = YES_AGGRESSIVE;
				CLANG_WARN_UNREACHABLE_CODE = YES;
				CLANG_WARN__DUPLICATE_METHOD_MATCH = YES;
				COPY_PHASE_STRIP = NO;
				DEBUG_INFORMATION_FORMAT = dwarf;
				DEVELOPMENT_TEAM = A9Q5VPE9WX;
				ENABLE_STRICT_OBJC_MSGSEND = YES;
				ENABLE_TESTABILITY = YES;
				ENABLE_USER_SCRIPT_SANDBOXING = YES;
				GCC_C_LANGUAGE_STANDARD = gnu17;
				GCC_DYNAMIC_NO_PIC = NO;
				GCC_NO_COMMON_BLOCKS = YES;
				GCC_OPTIMIZATION_LEVEL = 0;
				GCC_PREPROCESSOR_DEFINITIONS = (
					"DEBUG=1",
					"$(inherited)",
				);
				GCC_WARN_64_TO_32_BIT_CONVERSION = YES;
				GCC_WARN_ABOUT_RETURN_TYPE = YES_ERROR;
				GCC_WARN_UNDECLARED_SELECTOR = YES;
				GCC_WARN_UNINITIALIZED_AUTOS = YES_AGGRESSIVE;
				GCC_WARN_UNUSED_FUNCTION = YES;
				GCC_WARN_UNUSED_VARIABLE = YES;
				INFOPLIST_FILE = "$(SRCROOT)/lyt/Info.plist";
				INFOPLIST_KEY_UILaunchStoryboardName = lytApp;
				IPHONEOS_DEPLOYMENT_TARGET = 16.6;
				LOCALIZATION_PREFERS_STRING_CATALOGS = YES;
				MACH_O_TYPE = mh_execute;
				MACOSX_DEPLOYMENT_TARGET = 26.0;
				MERGED_BINARY_TYPE = none;
				MTL_ENABLE_DEBUG_INFO = INCLUDE_SOURCE;
				MTL_FAST_MATH = YES;
				ONLY_ACTIVE_ARCH = YES;
				PRODUCT_NAME = Lyt;
				SDKROOT = auto;
				SUPPORTED_PLATFORMS = "xrsimulator xros watchsimulator watchos macosx iphonesimulator iphoneos driverkit appletvsimulator appletvos";
				SUPPORTS_MACCATALYST = YES;
				SWIFT_ACTIVE_COMPILATION_CONDITIONS = "DEBUG $(inherited)";
				SWIFT_OPTIMIZATION_LEVEL = "-Onone";
				TVOS_DEPLOYMENT_TARGET = 15.6;
			};
			name = Debug;
		};
		147B6A142E3250A40072E35A /* Release */ = {
			isa = XCBuildConfiguration;
			buildSettings = {
				ALLOW_TARGET_PLATFORM_SPECIALIZATION = YES;
				ALWAYS_SEARCH_USER_PATHS = NO;
				ASSETCATALOG_COMPILER_GENERATE_SWIFT_ASSET_SYMBOL_EXTENSIONS = YES;
				CLANG_ANALYZER_NONNULL = YES;
				CLANG_ANALYZER_NUMBER_OBJECT_CONVERSION = YES_AGGRESSIVE;
				CLANG_CXX_LANGUAGE_STANDARD = "gnu++20";
				CLANG_ENABLE_MODULES = YES;
				CLANG_ENABLE_OBJC_ARC = YES;
				CLANG_ENABLE_OBJC_WEAK = YES;
				CLANG_WARN_BLOCK_CAPTURE_AUTORELEASING = YES;
				CLANG_WARN_BOOL_CONVERSION = YES;
				CLANG_WARN_COMMA = YES;
				CLANG_WARN_CONSTANT_CONVERSION = YES;
				CLANG_WARN_DEPRECATED_OBJC_IMPLEMENTATIONS = YES;
				CLANG_WARN_DIRECT_OBJC_ISA_USAGE = YES_ERROR;
				CLANG_WARN_DOCUMENTATION_COMMENTS = YES;
				CLANG_WARN_EMPTY_BODY = YES;
				CLANG_WARN_ENUM_CONVERSION = YES;
				CLANG_WARN_INFINITE_RECURSION = YES;
				CLANG_WARN_INT_CONVERSION = YES;
				CLANG_WARN_NON_LITERAL_NULL_CONVERSION = YES;
				CLANG_WARN_OBJC_IMPLICIT_RETAIN_SELF = YES;
				CLANG_WARN_OBJC_LITERAL_CONVERSION = YES;
				CLANG_WARN_OBJC_ROOT_CLASS = YES_ERROR;
				CLANG_WARN_QUOTED_INCLUDE_IN_FRAMEWORK_HEADER = YES;
				CLANG_WARN_RANGE_LOOP_ANALYSIS = YES;
				CLANG_WARN_STRICT_PROTOTYPES = YES;
				CLANG_WARN_SUSPICIOUS_MOVE = YES;
				CLANG_WARN_UNGUARDED_AVAILABILITY = YES_AGGRESSIVE;
				CLANG_WARN_UNREACHABLE_CODE = YES;
				CLANG_WARN__DUPLICATE_METHOD_MATCH = YES;
				COPY_PHASE_STRIP = NO;
				DEBUG_INFORMATION_FORMAT = "dwarf-with-dsym";
				DEVELOPMENT_TEAM = A9Q5VPE9WX;
				ENABLE_NS_ASSERTIONS = NO;
				ENABLE_STRICT_OBJC_MSGSEND = YES;
				ENABLE_USER_SCRIPT_SANDBOXING = YES;
				GCC_C_LANGUAGE_STANDARD = gnu17;
				GCC_NO_COMMON_BLOCKS = YES;
				GCC_WARN_64_TO_32_BIT_CONVERSION = YES;
				GCC_WARN_ABOUT_RETURN_TYPE = YES_ERROR;
				GCC_WARN_UNDECLARED_SELECTOR = YES;
				GCC_WARN_UNINITIALIZED_AUTOS = YES_AGGRESSIVE;
				GCC_WARN_UNUSED_FUNCTION = YES;
				GCC_WARN_UNUSED_VARIABLE = YES;
				INFOPLIST_FILE = "$(SRCROOT)/lyt/Info.plist";
				INFOPLIST_KEY_UILaunchStoryboardName = lytApp;
				IPHONEOS_DEPLOYMENT_TARGET = 16.6;
				LOCALIZATION_PREFERS_STRING_CATALOGS = YES;
				MACH_O_TYPE = mh_execute;
				MACOSX_DEPLOYMENT_TARGET = 26.0;
				MERGED_BINARY_TYPE = none;
				MTL_ENABLE_DEBUG_INFO = NO;
				MTL_FAST_MATH = YES;
				ONLY_ACTIVE_ARCH = YES;
				PRODUCT_NAME = Lyt;
				SDKROOT = auto;
				SUPPORTED_PLATFORMS = "xrsimulator xros watchsimulator watchos macosx iphonesimulator iphoneos driverkit appletvsimulator appletvos";
				SUPPORTS_MACCATALYST = YES;
				SWIFT_COMPILATION_MODE = wholemodule;
				TVOS_DEPLOYMENT_TARGET = 15.6;
			};
			name = Release;
		};
		147B6A162E3250A40072E35A /* Debug */ = {
			isa = XCBuildConfiguration;
			buildSettings = {
				ALLOW_TARGET_PLATFORM_SPECIALIZATION = YES;
				ASSETCATALOG_COMPILER_APPICON_NAME = AppIcon;
				ASSETCATALOG_COMPILER_GLOBAL_ACCENT_COLOR_NAME = AccentColor;
				"CODE_SIGN_IDENTITY[sdk=macosx*]" = "Apple Development";
				CODE_SIGN_STYLE = Automatic;
				CURRENT_PROJECT_VERSION = 1;
				DEVELOPMENT_TEAM = A9Q5VPE9WX;
				ENABLE_APP_SANDBOX = YES;
				ENABLE_HARDENED_RUNTIME = YES;
				ENABLE_OUTGOING_NETWORK_CONNECTIONS = YES;
				ENABLE_PREVIEWS = YES;
				ENABLE_RESOURCE_ACCESS_BLUETOOTH = YES;
				ENABLE_USER_SELECTED_FILES = readonly;
				GENERATE_INFOPLIST_FILE = NO;
				INFOPLIST_KEY_CFBundleDisplayName = lyt;
				INFOPLIST_KEY_LSApplicationCategoryType = "public.app-category.music";
				"INFOPLIST_KEY_UIApplicationSceneManifest_Generation[sdk=iphoneos*]" = YES;
				"INFOPLIST_KEY_UIApplicationSceneManifest_Generation[sdk=iphonesimulator*]" = YES;
				"INFOPLIST_KEY_UIApplicationSupportsIndirectInputEvents[sdk=iphoneos*]" = YES;
				"INFOPLIST_KEY_UIApplicationSupportsIndirectInputEvents[sdk=iphonesimulator*]" = YES;
				"INFOPLIST_KEY_UILaunchScreen_Generation[sdk=iphoneos*]" = YES;
				"INFOPLIST_KEY_UILaunchScreen_Generation[sdk=iphonesimulator*]" = YES;
				"INFOPLIST_KEY_UIStatusBarStyle[sdk=iphoneos*]" = UIStatusBarStyleDefault;
				"INFOPLIST_KEY_UIStatusBarStyle[sdk=iphonesimulator*]" = UIStatusBarStyleDefault;
				INFOPLIST_KEY_UISupportedInterfaceOrientations_iPad = "UIInterfaceOrientationPortrait UIInterfaceOrientationPortraitUpsideDown UIInterfaceOrientationLandscapeLeft UIInterfaceOrientationLandscapeRight";
				INFOPLIST_KEY_UISupportedInterfaceOrientations_iPhone = "UIInterfaceOrientationPortrait UIInterfaceOrientationLandscapeLeft UIInterfaceOrientationLandscapeRight";
				IPHONEOS_DEPLOYMENT_TARGET = 16.6;
				LD_RUNPATH_SEARCH_PATHS = "@executable_path/Frameworks";
				"LD_RUNPATH_SEARCH_PATHS[sdk=macosx*]" = "@executable_path/../Frameworks";
				MACOSX_DEPLOYMENT_TARGET = 13.5;
				MARKETING_VERSION = 1.0;
				ONLY_ACTIVE_ARCH = NO;
				PRODUCT_BUNDLE_IDENTIFIER = com.eopio.lyt;
				PRODUCT_NAME = "$(TARGET_NAME)";
				REGISTER_APP_GROUPS = YES;
				SDKROOT = auto;
				STRING_CATALOG_GENERATE_SYMBOLS = YES;
				SUPPORTED_PLATFORMS = "iphoneos iphonesimulator";
				SUPPORTS_MACCATALYST = NO;
				SWIFT_APPROACHABLE_CONCURRENCY = YES;
				SWIFT_DEFAULT_ACTOR_ISOLATION = MainActor;
				SWIFT_EMIT_LOC_STRINGS = YES;
				SWIFT_UPCOMING_FEATURE_MEMBER_IMPORT_VISIBILITY = YES;
				SWIFT_VERSION = 5.0;
				TARGETED_DEVICE_FAMILY = "1,6";
				WATCHOS_DEPLOYMENT_TARGET = 10.6;
				XROS_DEPLOYMENT_TARGET = "";
			};
			name = Debug;
		};
		147B6A172E3250A40072E35A /* Release */ = {
			isa = XCBuildConfiguration;
			buildSettings = {
				ALLOW_TARGET_PLATFORM_SPECIALIZATION = YES;
				ASSETCATALOG_COMPILER_APPICON_NAME = AppIcon;
				ASSETCATALOG_COMPILER_GLOBAL_ACCENT_COLOR_NAME = AccentColor;
				"CODE_SIGN_IDENTITY[sdk=macosx*]" = "Apple Development";
				CODE_SIGN_STYLE = Automatic;
				CURRENT_PROJECT_VERSION = 1;
				DEVELOPMENT_TEAM = A9Q5VPE9WX;
				ENABLE_APP_SANDBOX = YES;
				ENABLE_HARDENED_RUNTIME = YES;
				ENABLE_OUTGOING_NETWORK_CONNECTIONS = YES;
				ENABLE_PREVIEWS = YES;
				ENABLE_RESOURCE_ACCESS_BLUETOOTH = YES;
				ENABLE_USER_SELECTED_FILES = readonly;
				GENERATE_INFOPLIST_FILE = NO;
				INFOPLIST_KEY_CFBundleDisplayName = lyt;
				INFOPLIST_KEY_LSApplicationCategoryType = "public.app-category.music";
				"INFOPLIST_KEY_UIApplicationSceneManifest_Generation[sdk=iphoneos*]" = YES;
				"INFOPLIST_KEY_UIApplicationSceneManifest_Generation[sdk=iphonesimulator*]" = YES;
				"INFOPLIST_KEY_UIApplicationSupportsIndirectInputEvents[sdk=iphoneos*]" = YES;
				"INFOPLIST_KEY_UIApplicationSupportsIndirectInputEvents[sdk=iphonesimulator*]" = YES;
				"INFOPLIST_KEY_UILaunchScreen_Generation[sdk=iphoneos*]" = YES;
				"INFOPLIST_KEY_UILaunchScreen_Generation[sdk=iphonesimulator*]" = YES;
				"INFOPLIST_KEY_UIStatusBarStyle[sdk=iphoneos*]" = UIStatusBarStyleDefault;
				"INFOPLIST_KEY_UIStatusBarStyle[sdk=iphonesimulator*]" = UIStatusBarStyleDefault;
				INFOPLIST_KEY_UISupportedInterfaceOrientations_iPad = "UIInterfaceOrientationPortrait UIInterfaceOrientationPortraitUpsideDown UIInterfaceOrientationLandscapeLeft UIInterfaceOrientationLandscapeRight";
				INFOPLIST_KEY_UISupportedInterfaceOrientations_iPhone = "UIInterfaceOrientationPortrait UIInterfaceOrientationLandscapeLeft UIInterfaceOrientationLandscapeRight";
				IPHONEOS_DEPLOYMENT_TARGET = 16.6;
				LD_RUNPATH_SEARCH_PATHS = "@executable_path/Frameworks";
				"LD_RUNPATH_SEARCH_PATHS[sdk=macosx*]" = "@executable_path/../Frameworks";
				MACOSX_DEPLOYMENT_TARGET = 13.5;
				MARKETING_VERSION = 1.0;
				ONLY_ACTIVE_ARCH = NO;
				PRODUCT_BUNDLE_IDENTIFIER = com.eopio.lyt;
				PRODUCT_NAME = "$(TARGET_NAME)";
				REGISTER_APP_GROUPS = YES;
				SDKROOT = auto;
				STRING_CATALOG_GENERATE_SYMBOLS = YES;
				SUPPORTED_PLATFORMS = "iphoneos iphonesimulator";
				SUPPORTS_MACCATALYST = NO;
				SWIFT_APPROACHABLE_CONCURRENCY = YES;
				SWIFT_DEFAULT_ACTOR_ISOLATION = MainActor;
				SWIFT_EMIT_LOC_STRINGS = YES;
				SWIFT_UPCOMING_FEATURE_MEMBER_IMPORT_VISIBILITY = YES;
				SWIFT_VERSION = 5.0;
				TARGETED_DEVICE_FAMILY = "1,6";
				WATCHOS_DEPLOYMENT_TARGET = 10.6;
				XROS_DEPLOYMENT_TARGET = "";
			};
			name = Release;
		};
		147B6A192E3250A40072E35A /* Debug */ = {
			isa = XCBuildConfiguration;
			buildSettings = {
				BUNDLE_LOADER = "$(TEST_HOST)";
				CODE_SIGN_STYLE = Automatic;
				CURRENT_PROJECT_VERSION = 1;
				DEVELOPMENT_TEAM = A9Q5VPE9WX;
				GENERATE_INFOPLIST_FILE = YES;
				IPHONEOS_DEPLOYMENT_TARGET = 26.0;
				MACOSX_DEPLOYMENT_TARGET = 26.0;
				MARKETING_VERSION = 1.0;
				PRODUCT_BUNDLE_IDENTIFIER = com.eopio.lytTests;
				PRODUCT_NAME = "$(TARGET_NAME)";
				SDKROOT = auto;
				STRING_CATALOG_GENERATE_SYMBOLS = NO;
				SUPPORTED_PLATFORMS = "iphoneos iphonesimulator macosx xros xrsimulator";
				SWIFT_APPROACHABLE_CONCURRENCY = YES;
				SWIFT_EMIT_LOC_STRINGS = NO;
				SWIFT_UPCOMING_FEATURE_MEMBER_IMPORT_VISIBILITY = YES;
				SWIFT_VERSION = 5.0;
				TARGETED_DEVICE_FAMILY = "1,2,7";
				TEST_HOST = "$(BUILT_PRODUCTS_DIR)/lyt.app/$(BUNDLE_EXECUTABLE_FOLDER_PATH)/lyt";
				XROS_DEPLOYMENT_TARGET = 26.0;
			};
			name = Debug;
		};
		147B6A1A2E3250A40072E35A /* Release */ = {
			isa = XCBuildConfiguration;
			buildSettings = {
				BUNDLE_LOADER = "$(TEST_HOST)";
				CODE_SIGN_STYLE = Automatic;
				CURRENT_PROJECT_VERSION = 1;
				DEVELOPMENT_TEAM = A9Q5VPE9WX;
				GENERATE_INFOPLIST_FILE = YES;
				IPHONEOS_DEPLOYMENT_TARGET = 26.0;
				MACOSX_DEPLOYMENT_TARGET = 26.0;
				MARKETING_VERSION = 1.0;
				PRODUCT_BUNDLE_IDENTIFIER = com.eopio.lytTests;
				PRODUCT_NAME = "$(TARGET_NAME)";
				SDKROOT = auto;
				STRING_CATALOG_GENERATE_SYMBOLS = NO;
				SUPPORTED_PLATFORMS = "iphoneos iphonesimulator macosx xros xrsimulator";
				SWIFT_APPROACHABLE_CONCURRENCY = YES;
				SWIFT_EMIT_LOC_STRINGS = NO;
				SWIFT_UPCOMING_FEATURE_MEMBER_IMPORT_VISIBILITY = YES;
				SWIFT_VERSION = 5.0;
				TARGETED_DEVICE_FAMILY = "1,2,7";
				TEST_HOST = "$(BUILT_PRODUCTS_DIR)/lyt.app/$(BUNDLE_EXECUTABLE_FOLDER_PATH)/lyt";
				XROS_DEPLOYMENT_TARGET = 26.0;
			};
			name = Release;
		};
		147B6A1C2E3250A40072E35A /* Debug */ = {
			isa = XCBuildConfiguration;
			buildSettings = {
				CODE_SIGN_STYLE = Automatic;
				CURRENT_PROJECT_VERSION = 1;
				DEVELOPMENT_TEAM = A9Q5VPE9WX;
				GENERATE_INFOPLIST_FILE = YES;
				IPHONEOS_DEPLOYMENT_TARGET = 26.0;
				MACOSX_DEPLOYMENT_TARGET = 26.0;
				MARKETING_VERSION = 1.0;
				PRODUCT_BUNDLE_IDENTIFIER = com.eopio.lytUITests;
				PRODUCT_NAME = "$(TARGET_NAME)";
				SDKROOT = auto;
				STRING_CATALOG_GENERATE_SYMBOLS = NO;
				SUPPORTED_PLATFORMS = "iphoneos iphonesimulator macosx xros xrsimulator";
				SWIFT_APPROACHABLE_CONCURRENCY = YES;
				SWIFT_EMIT_LOC_STRINGS = NO;
				SWIFT_UPCOMING_FEATURE_MEMBER_IMPORT_VISIBILITY = YES;
				SWIFT_VERSION = 5.0;
				TARGETED_DEVICE_FAMILY = "1,2,7";
				TEST_TARGET_NAME = lyt;
				XROS_DEPLOYMENT_TARGET = 26.0;
			};
			name = Debug;
		};
		147B6A1D2E3250A40072E35A /* Release */ = {
			isa = XCBuildConfiguration;
			buildSettings = {
				CODE_SIGN_STYLE = Automatic;
				CURRENT_PROJECT_VERSION = 1;
				DEVELOPMENT_TEAM = A9Q5VPE9WX;
				GENERATE_INFOPLIST_FILE = YES;
				IPHONEOS_DEPLOYMENT_TARGET = 26.0;
				MACOSX_DEPLOYMENT_TARGET = 26.0;
				MARKETING_VERSION = 1.0;
				PRODUCT_BUNDLE_IDENTIFIER = com.eopio.lytUITests;
				PRODUCT_NAME = "$(TARGET_NAME)";
				SDKROOT = auto;
				STRING_CATALOG_GENERATE_SYMBOLS = NO;
				SUPPORTED_PLATFORMS = "iphoneos iphonesimulator macosx xros xrsimulator";
				SWIFT_APPROACHABLE_CONCURRENCY = YES;
				SWIFT_EMIT_LOC_STRINGS = NO;
				SWIFT_UPCOMING_FEATURE_MEMBER_IMPORT_VISIBILITY = YES;
				SWIFT_VERSION = 5.0;
				TARGETED_DEVICE_FAMILY = "1,2,7";
				TEST_TARGET_NAME = lyt;
				XROS_DEPLOYMENT_TARGET = 26.0;
			};
			name = Release;
		};
		14BA0BD22E36B00A00D8C95E /* Debug */ = {
			isa = XCBuildConfiguration;
			buildSettings = {
				ASSETCATALOG_COMPILER_APPICON_NAME = AppIcon;
				ASSETCATALOG_COMPILER_GLOBAL_ACCENT_COLOR_NAME = AccentColor;
				CODE_SIGN_ENTITLEMENTS = macos/macos.entitlements;
				CODE_SIGN_STYLE = Automatic;
				COMBINE_HIDPI_IMAGES = YES;
				CURRENT_PROJECT_VERSION = 1;
				DEVELOPMENT_TEAM = A9Q5VPE9WX;
				ENABLE_HARDENED_RUNTIME = YES;
				ENABLE_PREVIEWS = YES;
				GENERATE_INFOPLIST_FILE = YES;
				INFOPLIST_KEY_NSHumanReadableCopyright = "";
				LD_RUNPATH_SEARCH_PATHS = (
					"$(inherited)",
					"@executable_path/../Frameworks",
				);
				MACOSX_DEPLOYMENT_TARGET = 13.5;
				MARKETING_VERSION = 1.0;
				PRODUCT_BUNDLE_IDENTIFIER = com.eopio.lyt.macos;
				PRODUCT_NAME = "$(TARGET_NAME)";
				REGISTER_APP_GROUPS = YES;
				SDKROOT = macosx;
				SUPPORTED_PLATFORMS = "iphoneos iphonesimulator macosx xros xrsimulator";
				SUPPORTS_MACCATALYST = YES;
				SWIFT_EMIT_LOC_STRINGS = YES;
				SWIFT_VERSION = 5.0;
			};
			name = Debug;
		};
		14BA0BD32E36B00A00D8C95E /* Release */ = {
			isa = XCBuildConfiguration;
			buildSettings = {
				ASSETCATALOG_COMPILER_APPICON_NAME = AppIcon;
				ASSETCATALOG_COMPILER_GLOBAL_ACCENT_COLOR_NAME = AccentColor;
				CODE_SIGN_ENTITLEMENTS = macos/macos.entitlements;
				CODE_SIGN_STYLE = Automatic;
				COMBINE_HIDPI_IMAGES = YES;
				CURRENT_PROJECT_VERSION = 1;
				DEVELOPMENT_TEAM = A9Q5VPE9WX;
				ENABLE_HARDENED_RUNTIME = YES;
				ENABLE_PREVIEWS = YES;
				GENERATE_INFOPLIST_FILE = YES;
				INFOPLIST_KEY_NSHumanReadableCopyright = "";
				LD_RUNPATH_SEARCH_PATHS = (
					"$(inherited)",
					"@executable_path/../Frameworks",
				);
				MACOSX_DEPLOYMENT_TARGET = 13.5;
				MARKETING_VERSION = 1.0;
				PRODUCT_BUNDLE_IDENTIFIER = com.eopio.lyt.macos;
				PRODUCT_NAME = "$(TARGET_NAME)";
				REGISTER_APP_GROUPS = YES;
				SDKROOT = macosx;
				SUPPORTED_PLATFORMS = "iphoneos iphonesimulator macosx xros xrsimulator";
				SUPPORTS_MACCATALYST = YES;
				SWIFT_EMIT_LOC_STRINGS = YES;
				SWIFT_VERSION = 5.0;
			};
			name = Release;
		};
		14BA0BD52E36B00A00D8C95E /* Debug */ = {
			isa = XCBuildConfiguration;
			buildSettings = {
				BUNDLE_LOADER = "$(TEST_HOST)";
				CODE_SIGN_STYLE = Automatic;
				CURRENT_PROJECT_VERSION = 1;
				DEVELOPMENT_TEAM = A9Q5VPE9WX;
				GENERATE_INFOPLIST_FILE = YES;
				MACOSX_DEPLOYMENT_TARGET = 15.5;
				MARKETING_VERSION = 1.0;
				PRODUCT_BUNDLE_IDENTIFIER = com.eopio.lyt.macosTests;
				PRODUCT_NAME = "$(TARGET_NAME)";
				SDKROOT = macosx;
				SWIFT_EMIT_LOC_STRINGS = NO;
				SWIFT_VERSION = 5.0;
				TEST_HOST = "$(BUILT_PRODUCTS_DIR)/macos.app/$(BUNDLE_EXECUTABLE_FOLDER_PATH)/macos";
			};
			name = Debug;
		};
		14BA0BD62E36B00A00D8C95E /* Release */ = {
			isa = XCBuildConfiguration;
			buildSettings = {
				BUNDLE_LOADER = "$(TEST_HOST)";
				CODE_SIGN_STYLE = Automatic;
				CURRENT_PROJECT_VERSION = 1;
				DEVELOPMENT_TEAM = A9Q5VPE9WX;
				GENERATE_INFOPLIST_FILE = YES;
				MACOSX_DEPLOYMENT_TARGET = 15.5;
				MARKETING_VERSION = 1.0;
				PRODUCT_BUNDLE_IDENTIFIER = com.eopio.lyt.macosTests;
				PRODUCT_NAME = "$(TARGET_NAME)";
				SDKROOT = macosx;
				SWIFT_EMIT_LOC_STRINGS = NO;
				SWIFT_VERSION = 5.0;
				TEST_HOST = "$(BUILT_PRODUCTS_DIR)/macos.app/$(BUNDLE_EXECUTABLE_FOLDER_PATH)/macos";
			};
			name = Release;
		};
		14BA0BD82E36B00A00D8C95E /* Debug */ = {
			isa = XCBuildConfiguration;
			buildSettings = {
				CODE_SIGN_STYLE = Automatic;
				CURRENT_PROJECT_VERSION = 1;
				DEVELOPMENT_TEAM = A9Q5VPE9WX;
				GENERATE_INFOPLIST_FILE = YES;
				MACOSX_DEPLOYMENT_TARGET = 15.5;
				MARKETING_VERSION = 1.0;
				PRODUCT_BUNDLE_IDENTIFIER = com.eopio.lyt.macosUITests;
				PRODUCT_NAME = "$(TARGET_NAME)";
				SDKROOT = macosx;
				SWIFT_EMIT_LOC_STRINGS = NO;
				SWIFT_VERSION = 5.0;
				TEST_TARGET_NAME = macos;
			};
			name = Debug;
		};
		14BA0BD92E36B00A00D8C95E /* Release */ = {
			isa = XCBuildConfiguration;
			buildSettings = {
				CODE_SIGN_STYLE = Automatic;
				CURRENT_PROJECT_VERSION = 1;
				DEVELOPMENT_TEAM = A9Q5VPE9WX;
				GENERATE_INFOPLIST_FILE = YES;
				MACOSX_DEPLOYMENT_TARGET = 15.5;
				MARKETING_VERSION = 1.0;
				PRODUCT_BUNDLE_IDENTIFIER = com.eopio.lyt.macosUITests;
				PRODUCT_NAME = "$(TARGET_NAME)";
				SDKROOT = macosx;
				SWIFT_EMIT_LOC_STRINGS = NO;
				SWIFT_VERSION = 5.0;
				TEST_TARGET_NAME = macos;
			};
			name = Release;
		};
		14BA0BFD2E36B02F00D8C95E /* Debug */ = {
			isa = XCBuildConfiguration;
			buildSettings = {
				ASSETCATALOG_COMPILER_APPICON_NAME = AppIcon;
				ASSETCATALOG_COMPILER_GLOBAL_ACCENT_COLOR_NAME = AccentColor;
				CODE_SIGN_STYLE = Automatic;
				CURRENT_PROJECT_VERSION = 1;
				DEVELOPMENT_TEAM = A9Q5VPE9WX;
				ENABLE_PREVIEWS = YES;
				GENERATE_INFOPLIST_FILE = YES;
				INFOPLIST_KEY_UIApplicationSceneManifest_Generation = YES;
				INFOPLIST_KEY_UIApplicationSupportsIndirectInputEvents = YES;
				INFOPLIST_KEY_UILaunchScreen_Generation = YES;
				INFOPLIST_KEY_UISupportedInterfaceOrientations_iPad = "UIInterfaceOrientationPortrait UIInterfaceOrientationPortraitUpsideDown UIInterfaceOrientationLandscapeLeft UIInterfaceOrientationLandscapeRight";
				INFOPLIST_KEY_UISupportedInterfaceOrientations_iPhone = "UIInterfaceOrientationPortrait UIInterfaceOrientationLandscapeLeft UIInterfaceOrientationLandscapeRight";
				IPHONEOS_DEPLOYMENT_TARGET = 16.6;
				LD_RUNPATH_SEARCH_PATHS = (
					"$(inherited)",
					"@executable_path/Frameworks",
				);
				MARKETING_VERSION = 1.0;
				PRODUCT_BUNDLE_IDENTIFIER = com.eopio.lyt.ios;
				PRODUCT_NAME = "$(TARGET_NAME)";
				SDKROOT = iphoneos;
				SUPPORTED_PLATFORMS = "iphoneos iphonesimulator watchos watchsimulator";
				SUPPORTS_MACCATALYST = NO;
				SUPPORTS_XR_DESIGNED_FOR_IPHONE_IPAD = NO;
				SWIFT_EMIT_LOC_STRINGS = YES;
				SWIFT_VERSION = 5.0;
				TARGETED_DEVICE_FAMILY = 1;
				WATCHOS_DEPLOYMENT_TARGET = 9.6;
			};
			name = Debug;
		};
		14BA0BFE2E36B02F00D8C95E /* Release */ = {
			isa = XCBuildConfiguration;
			buildSettings = {
				ASSETCATALOG_COMPILER_APPICON_NAME = AppIcon;
				ASSETCATALOG_COMPILER_GLOBAL_ACCENT_COLOR_NAME = AccentColor;
				CODE_SIGN_STYLE = Automatic;
				CURRENT_PROJECT_VERSION = 1;
				DEVELOPMENT_TEAM = A9Q5VPE9WX;
				ENABLE_PREVIEWS = YES;
				GENERATE_INFOPLIST_FILE = YES;
				INFOPLIST_KEY_UIApplicationSceneManifest_Generation = YES;
				INFOPLIST_KEY_UIApplicationSupportsIndirectInputEvents = YES;
				INFOPLIST_KEY_UILaunchScreen_Generation = YES;
				INFOPLIST_KEY_UISupportedInterfaceOrientations_iPad = "UIInterfaceOrientationPortrait UIInterfaceOrientationPortraitUpsideDown UIInterfaceOrientationLandscapeLeft UIInterfaceOrientationLandscapeRight";
				INFOPLIST_KEY_UISupportedInterfaceOrientations_iPhone = "UIInterfaceOrientationPortrait UIInterfaceOrientationLandscapeLeft UIInterfaceOrientationLandscapeRight";
				IPHONEOS_DEPLOYMENT_TARGET = 16.6;
				LD_RUNPATH_SEARCH_PATHS = (
					"$(inherited)",
					"@executable_path/Frameworks",
				);
				MARKETING_VERSION = 1.0;
				PRODUCT_BUNDLE_IDENTIFIER = com.eopio.lyt.ios;
				PRODUCT_NAME = "$(TARGET_NAME)";
				SDKROOT = iphoneos;
				SUPPORTED_PLATFORMS = "iphoneos iphonesimulator watchos watchsimulator";
				SUPPORTS_MACCATALYST = NO;
				SUPPORTS_XR_DESIGNED_FOR_IPHONE_IPAD = NO;
				SWIFT_EMIT_LOC_STRINGS = YES;
				SWIFT_VERSION = 5.0;
				TARGETED_DEVICE_FAMILY = 1;
				VALIDATE_PRODUCT = YES;
				WATCHOS_DEPLOYMENT_TARGET = 9.6;
			};
			name = Release;
		};
		14BA0C002E36B02F00D8C95E /* Debug */ = {
			isa = XCBuildConfiguration;
			buildSettings = {
				BUNDLE_LOADER = "$(TEST_HOST)";
				CODE_SIGN_STYLE = Automatic;
				CURRENT_PROJECT_VERSION = 1;
				DEVELOPMENT_TEAM = A9Q5VPE9WX;
				GENERATE_INFOPLIST_FILE = YES;
				IPHONEOS_DEPLOYMENT_TARGET = 18.5;
				MARKETING_VERSION = 1.0;
				PRODUCT_BUNDLE_IDENTIFIER = com.eopio.lyt.iosTests;
				PRODUCT_NAME = "$(TARGET_NAME)";
				SDKROOT = iphoneos;
				SWIFT_EMIT_LOC_STRINGS = NO;
				SWIFT_VERSION = 5.0;
				TARGETED_DEVICE_FAMILY = "1,2";
				TEST_HOST = "$(BUILT_PRODUCTS_DIR)/ios.app/$(BUNDLE_EXECUTABLE_FOLDER_PATH)/ios";
			};
			name = Debug;
		};
		14BA0C012E36B02F00D8C95E /* Release */ = {
			isa = XCBuildConfiguration;
			buildSettings = {
				BUNDLE_LOADER = "$(TEST_HOST)";
				CODE_SIGN_STYLE = Automatic;
				CURRENT_PROJECT_VERSION = 1;
				DEVELOPMENT_TEAM = A9Q5VPE9WX;
				GENERATE_INFOPLIST_FILE = YES;
				IPHONEOS_DEPLOYMENT_TARGET = 18.5;
				MARKETING_VERSION = 1.0;
				PRODUCT_BUNDLE_IDENTIFIER = com.eopio.lyt.iosTests;
				PRODUCT_NAME = "$(TARGET_NAME)";
				SDKROOT = iphoneos;
				SWIFT_EMIT_LOC_STRINGS = NO;
				SWIFT_VERSION = 5.0;
				TARGETED_DEVICE_FAMILY = "1,2";
				TEST_HOST = "$(BUILT_PRODUCTS_DIR)/ios.app/$(BUNDLE_EXECUTABLE_FOLDER_PATH)/ios";
				VALIDATE_PRODUCT = YES;
			};
			name = Release;
		};
		14BA0C032E36B02F00D8C95E /* Debug */ = {
			isa = XCBuildConfiguration;
			buildSettings = {
				CODE_SIGN_STYLE = Automatic;
				CURRENT_PROJECT_VERSION = 1;
				DEVELOPMENT_TEAM = A9Q5VPE9WX;
				GENERATE_INFOPLIST_FILE = YES;
				IPHONEOS_DEPLOYMENT_TARGET = 18.5;
				MARKETING_VERSION = 1.0;
				PRODUCT_BUNDLE_IDENTIFIER = com.eopio.lyt.iosUITests;
				PRODUCT_NAME = "$(TARGET_NAME)";
				SDKROOT = iphoneos;
				SWIFT_EMIT_LOC_STRINGS = NO;
				SWIFT_VERSION = 5.0;
				TARGETED_DEVICE_FAMILY = "1,2";
				TEST_TARGET_NAME = ios;
			};
			name = Debug;
		};
		14BA0C042E36B02F00D8C95E /* Release */ = {
			isa = XCBuildConfiguration;
			buildSettings = {
				CODE_SIGN_STYLE = Automatic;
				CURRENT_PROJECT_VERSION = 1;
				DEVELOPMENT_TEAM = A9Q5VPE9WX;
				GENERATE_INFOPLIST_FILE = YES;
				IPHONEOS_DEPLOYMENT_TARGET = 18.5;
				MARKETING_VERSION = 1.0;
				PRODUCT_BUNDLE_IDENTIFIER = com.eopio.lyt.iosUITests;
				PRODUCT_NAME = "$(TARGET_NAME)";
				SDKROOT = iphoneos;
				SWIFT_EMIT_LOC_STRINGS = NO;
				SWIFT_VERSION = 5.0;
				TARGETED_DEVICE_FAMILY = "1,2";
				TEST_TARGET_NAME = ios;
				VALIDATE_PRODUCT = YES;
			};
			name = Release;
		};
		14BA0C282E36B07900D8C95E /* Debug */ = {
			isa = XCBuildConfiguration;
			buildSettings = {
				ASSETCATALOG_COMPILER_APPICON_NAME = "App Icon & Top Shelf Image";
				ASSETCATALOG_COMPILER_GLOBAL_ACCENT_COLOR_NAME = AccentColor;
				CODE_SIGN_STYLE = Automatic;
				CURRENT_PROJECT_VERSION = 1;
				DEVELOPMENT_TEAM = A9Q5VPE9WX;
				ENABLE_PREVIEWS = YES;
				GENERATE_INFOPLIST_FILE = YES;
				INFOPLIST_KEY_UILaunchScreen_Generation = YES;
				INFOPLIST_KEY_UIUserInterfaceStyle = Automatic;
				LD_RUNPATH_SEARCH_PATHS = (
					"$(inherited)",
					"@executable_path/Frameworks",
				);
				MARKETING_VERSION = 1.0;
				PRODUCT_BUNDLE_IDENTIFIER = com.eopio.lyt.tvos;
				PRODUCT_NAME = "$(TARGET_NAME)";
				SDKROOT = appletvos;
				SUPPORTED_PLATFORMS = "appletvos appletvsimulator";
				SUPPORTS_MACCATALYST = NO;
				SWIFT_EMIT_LOC_STRINGS = YES;
				SWIFT_VERSION = 5.0;
				TARGETED_DEVICE_FAMILY = 3;
				TVOS_DEPLOYMENT_TARGET = 16.6;
			};
			name = Debug;
		};
		14BA0C292E36B07900D8C95E /* Release */ = {
			isa = XCBuildConfiguration;
			buildSettings = {
				ASSETCATALOG_COMPILER_APPICON_NAME = "App Icon & Top Shelf Image";
				ASSETCATALOG_COMPILER_GLOBAL_ACCENT_COLOR_NAME = AccentColor;
				CODE_SIGN_STYLE = Automatic;
				CURRENT_PROJECT_VERSION = 1;
				DEVELOPMENT_TEAM = A9Q5VPE9WX;
				ENABLE_PREVIEWS = YES;
				GENERATE_INFOPLIST_FILE = YES;
				INFOPLIST_KEY_UILaunchScreen_Generation = YES;
				INFOPLIST_KEY_UIUserInterfaceStyle = Automatic;
				LD_RUNPATH_SEARCH_PATHS = (
					"$(inherited)",
					"@executable_path/Frameworks",
				);
				MARKETING_VERSION = 1.0;
				PRODUCT_BUNDLE_IDENTIFIER = com.eopio.lyt.tvos;
				PRODUCT_NAME = "$(TARGET_NAME)";
				SDKROOT = appletvos;
				SUPPORTED_PLATFORMS = "appletvos appletvsimulator";
				SUPPORTS_MACCATALYST = NO;
				SWIFT_EMIT_LOC_STRINGS = YES;
				SWIFT_VERSION = 5.0;
				TARGETED_DEVICE_FAMILY = 3;
				TVOS_DEPLOYMENT_TARGET = 16.6;
				VALIDATE_PRODUCT = YES;
			};
			name = Release;
		};
		14BA0C2B2E36B07900D8C95E /* Debug */ = {
			isa = XCBuildConfiguration;
			buildSettings = {
				BUNDLE_LOADER = "$(TEST_HOST)";
				CODE_SIGN_STYLE = Automatic;
				CURRENT_PROJECT_VERSION = 1;
				DEVELOPMENT_TEAM = A9Q5VPE9WX;
				GENERATE_INFOPLIST_FILE = YES;
				MARKETING_VERSION = 1.0;
				PRODUCT_BUNDLE_IDENTIFIER = com.eopio.lyt.tvosTests;
				PRODUCT_NAME = "$(TARGET_NAME)";
				SDKROOT = appletvos;
				SWIFT_EMIT_LOC_STRINGS = NO;
				SWIFT_VERSION = 5.0;
				TARGETED_DEVICE_FAMILY = 3;
				TEST_HOST = "$(BUILT_PRODUCTS_DIR)/tvos.app/$(BUNDLE_EXECUTABLE_FOLDER_PATH)/tvos";
				TVOS_DEPLOYMENT_TARGET = 18.5;
			};
			name = Debug;
		};
		14BA0C2C2E36B07900D8C95E /* Release */ = {
			isa = XCBuildConfiguration;
			buildSettings = {
				BUNDLE_LOADER = "$(TEST_HOST)";
				CODE_SIGN_STYLE = Automatic;
				CURRENT_PROJECT_VERSION = 1;
				DEVELOPMENT_TEAM = A9Q5VPE9WX;
				GENERATE_INFOPLIST_FILE = YES;
				MARKETING_VERSION = 1.0;
				PRODUCT_BUNDLE_IDENTIFIER = com.eopio.lyt.tvosTests;
				PRODUCT_NAME = "$(TARGET_NAME)";
				SDKROOT = appletvos;
				SWIFT_EMIT_LOC_STRINGS = NO;
				SWIFT_VERSION = 5.0;
				TARGETED_DEVICE_FAMILY = 3;
				TEST_HOST = "$(BUILT_PRODUCTS_DIR)/tvos.app/$(BUNDLE_EXECUTABLE_FOLDER_PATH)/tvos";
				TVOS_DEPLOYMENT_TARGET = 18.5;
				VALIDATE_PRODUCT = YES;
			};
			name = Release;
		};
		14BA0C2E2E36B07900D8C95E /* Debug */ = {
			isa = XCBuildConfiguration;
			buildSettings = {
				CODE_SIGN_STYLE = Automatic;
				CURRENT_PROJECT_VERSION = 1;
				DEVELOPMENT_TEAM = A9Q5VPE9WX;
				GENERATE_INFOPLIST_FILE = YES;
				MARKETING_VERSION = 1.0;
				PRODUCT_BUNDLE_IDENTIFIER = com.eopio.lyt.tvosUITests;
				PRODUCT_NAME = "$(TARGET_NAME)";
				SDKROOT = appletvos;
				SWIFT_EMIT_LOC_STRINGS = NO;
				SWIFT_VERSION = 5.0;
				TARGETED_DEVICE_FAMILY = 3;
				TEST_TARGET_NAME = tvos;
				TVOS_DEPLOYMENT_TARGET = 18.5;
			};
			name = Debug;
		};
		14BA0C2F2E36B07900D8C95E /* Release */ = {
			isa = XCBuildConfiguration;
			buildSettings = {
				CODE_SIGN_STYLE = Automatic;
				CURRENT_PROJECT_VERSION = 1;
				DEVELOPMENT_TEAM = A9Q5VPE9WX;
				GENERATE_INFOPLIST_FILE = YES;
				MARKETING_VERSION = 1.0;
				PRODUCT_BUNDLE_IDENTIFIER = com.eopio.lyt.tvosUITests;
				PRODUCT_NAME = "$(TARGET_NAME)";
				SDKROOT = appletvos;
				SWIFT_EMIT_LOC_STRINGS = NO;
				SWIFT_VERSION = 5.0;
				TARGETED_DEVICE_FAMILY = 3;
				TEST_TARGET_NAME = tvos;
				TVOS_DEPLOYMENT_TARGET = 18.5;
				VALIDATE_PRODUCT = YES;
			};
			name = Release;
		};
		14BA0C532E36B0A600D8C95E /* Debug */ = {
			isa = XCBuildConfiguration;
			buildSettings = {
				ASSETCATALOG_COMPILER_APPICON_NAME = AppIcon;
				ASSETCATALOG_COMPILER_GLOBAL_ACCENT_COLOR_NAME = AccentColor;
				CODE_SIGN_STYLE = Automatic;
				CURRENT_PROJECT_VERSION = 1;
				DEVELOPMENT_TEAM = A9Q5VPE9WX;
				ENABLE_PREVIEWS = YES;
				GENERATE_INFOPLIST_FILE = YES;
				INFOPLIST_KEY_UIApplicationSceneManifest_Generation = YES;
				INFOPLIST_KEY_UIApplicationSupportsIndirectInputEvents = YES;
				INFOPLIST_KEY_UILaunchScreen_Generation = YES;
				INFOPLIST_KEY_UISupportedInterfaceOrientations_iPad = "UIInterfaceOrientationPortrait UIInterfaceOrientationPortraitUpsideDown UIInterfaceOrientationLandscapeLeft UIInterfaceOrientationLandscapeRight";
				INFOPLIST_KEY_UISupportedInterfaceOrientations_iPhone = "UIInterfaceOrientationPortrait UIInterfaceOrientationLandscapeLeft UIInterfaceOrientationLandscapeRight";
				IPHONEOS_DEPLOYMENT_TARGET = 16.6;
				LD_RUNPATH_SEARCH_PATHS = (
					"$(inherited)",
					"@executable_path/Frameworks",
				);
				MARKETING_VERSION = 1.0;
				PRODUCT_BUNDLE_IDENTIFIER = com.eopio.lyt.ipados;
				PRODUCT_NAME = "$(TARGET_NAME)";
				SDKROOT = iphoneos;
				SUPPORTED_PLATFORMS = "iphoneos iphonesimulator";
				SUPPORTS_MACCATALYST = NO;
				SUPPORTS_MAC_DESIGNED_FOR_IPHONE_IPAD = YES;
				SUPPORTS_XR_DESIGNED_FOR_IPHONE_IPAD = NO;
				SWIFT_EMIT_LOC_STRINGS = YES;
				SWIFT_VERSION = 5.0;
				TARGETED_DEVICE_FAMILY = 2;
			};
			name = Debug;
		};
		14BA0C542E36B0A600D8C95E /* Release */ = {
			isa = XCBuildConfiguration;
			buildSettings = {
				ASSETCATALOG_COMPILER_APPICON_NAME = AppIcon;
				ASSETCATALOG_COMPILER_GLOBAL_ACCENT_COLOR_NAME = AccentColor;
				CODE_SIGN_STYLE = Automatic;
				CURRENT_PROJECT_VERSION = 1;
				DEVELOPMENT_TEAM = A9Q5VPE9WX;
				ENABLE_PREVIEWS = YES;
				GENERATE_INFOPLIST_FILE = YES;
				INFOPLIST_KEY_UIApplicationSceneManifest_Generation = YES;
				INFOPLIST_KEY_UIApplicationSupportsIndirectInputEvents = YES;
				INFOPLIST_KEY_UILaunchScreen_Generation = YES;
				INFOPLIST_KEY_UISupportedInterfaceOrientations_iPad = "UIInterfaceOrientationPortrait UIInterfaceOrientationPortraitUpsideDown UIInterfaceOrientationLandscapeLeft UIInterfaceOrientationLandscapeRight";
				INFOPLIST_KEY_UISupportedInterfaceOrientations_iPhone = "UIInterfaceOrientationPortrait UIInterfaceOrientationLandscapeLeft UIInterfaceOrientationLandscapeRight";
				IPHONEOS_DEPLOYMENT_TARGET = 16.6;
				LD_RUNPATH_SEARCH_PATHS = (
					"$(inherited)",
					"@executable_path/Frameworks",
				);
				MARKETING_VERSION = 1.0;
				PRODUCT_BUNDLE_IDENTIFIER = com.eopio.lyt.ipados;
				PRODUCT_NAME = "$(TARGET_NAME)";
				SDKROOT = iphoneos;
				SUPPORTED_PLATFORMS = "iphoneos iphonesimulator";
				SUPPORTS_MACCATALYST = NO;
				SUPPORTS_MAC_DESIGNED_FOR_IPHONE_IPAD = YES;
				SUPPORTS_XR_DESIGNED_FOR_IPHONE_IPAD = NO;
				SWIFT_EMIT_LOC_STRINGS = YES;
				SWIFT_VERSION = 5.0;
				TARGETED_DEVICE_FAMILY = 2;
				VALIDATE_PRODUCT = YES;
			};
			name = Release;
		};
		14BA0C562E36B0A600D8C95E /* Debug */ = {
			isa = XCBuildConfiguration;
			buildSettings = {
				BUNDLE_LOADER = "$(TEST_HOST)";
				CODE_SIGN_STYLE = Automatic;
				CURRENT_PROJECT_VERSION = 1;
				DEVELOPMENT_TEAM = A9Q5VPE9WX;
				GENERATE_INFOPLIST_FILE = YES;
				IPHONEOS_DEPLOYMENT_TARGET = 18.5;
				MARKETING_VERSION = 1.0;
				PRODUCT_BUNDLE_IDENTIFIER = com.eopio.lyt.ipadosTests;
				PRODUCT_NAME = "$(TARGET_NAME)";
				SDKROOT = iphoneos;
				SWIFT_EMIT_LOC_STRINGS = NO;
				SWIFT_VERSION = 5.0;
				TARGETED_DEVICE_FAMILY = "1,2";
				TEST_HOST = "$(BUILT_PRODUCTS_DIR)/ipados.app/$(BUNDLE_EXECUTABLE_FOLDER_PATH)/ipados";
			};
			name = Debug;
		};
		14BA0C572E36B0A600D8C95E /* Release */ = {
			isa = XCBuildConfiguration;
			buildSettings = {
				BUNDLE_LOADER = "$(TEST_HOST)";
				CODE_SIGN_STYLE = Automatic;
				CURRENT_PROJECT_VERSION = 1;
				DEVELOPMENT_TEAM = A9Q5VPE9WX;
				GENERATE_INFOPLIST_FILE = YES;
				IPHONEOS_DEPLOYMENT_TARGET = 18.5;
				MARKETING_VERSION = 1.0;
				PRODUCT_BUNDLE_IDENTIFIER = com.eopio.lyt.ipadosTests;
				PRODUCT_NAME = "$(TARGET_NAME)";
				SDKROOT = iphoneos;
				SWIFT_EMIT_LOC_STRINGS = NO;
				SWIFT_VERSION = 5.0;
				TARGETED_DEVICE_FAMILY = "1,2";
				TEST_HOST = "$(BUILT_PRODUCTS_DIR)/ipados.app/$(BUNDLE_EXECUTABLE_FOLDER_PATH)/ipados";
				VALIDATE_PRODUCT = YES;
			};
			name = Release;
		};
		14BA0C592E36B0A600D8C95E /* Debug */ = {
			isa = XCBuildConfiguration;
			buildSettings = {
				CODE_SIGN_STYLE = Automatic;
				CURRENT_PROJECT_VERSION = 1;
				DEVELOPMENT_TEAM = A9Q5VPE9WX;
				GENERATE_INFOPLIST_FILE = YES;
				IPHONEOS_DEPLOYMENT_TARGET = 18.5;
				MARKETING_VERSION = 1.0;
				PRODUCT_BUNDLE_IDENTIFIER = com.eopio.lyt.ipadosUITests;
				PRODUCT_NAME = "$(TARGET_NAME)";
				SDKROOT = iphoneos;
				SWIFT_EMIT_LOC_STRINGS = NO;
				SWIFT_VERSION = 5.0;
				TARGETED_DEVICE_FAMILY = "1,2";
				TEST_TARGET_NAME = ipados;
			};
			name = Debug;
		};
		14BA0C5A2E36B0A600D8C95E /* Release */ = {
			isa = XCBuildConfiguration;
			buildSettings = {
				CODE_SIGN_STYLE = Automatic;
				CURRENT_PROJECT_VERSION = 1;
				DEVELOPMENT_TEAM = A9Q5VPE9WX;
				GENERATE_INFOPLIST_FILE = YES;
				IPHONEOS_DEPLOYMENT_TARGET = 18.5;
				MARKETING_VERSION = 1.0;
				PRODUCT_BUNDLE_IDENTIFIER = com.eopio.lyt.ipadosUITests;
				PRODUCT_NAME = "$(TARGET_NAME)";
				SDKROOT = iphoneos;
				SWIFT_EMIT_LOC_STRINGS = NO;
				SWIFT_VERSION = 5.0;
				TARGETED_DEVICE_FAMILY = "1,2";
				TEST_TARGET_NAME = ipados;
				VALIDATE_PRODUCT = YES;
			};
			name = Release;
		};
/* End XCBuildConfiguration section */

/* Begin XCConfigurationList section */
		147B69EF2E3250A20072E35A /* Build configuration list for PBXProject "lyt" */ = {
			isa = XCConfigurationList;
			buildConfigurations = (
				147B6A132E3250A40072E35A /* Debug */,
				147B6A142E3250A40072E35A /* Release */,
			);
			defaultConfigurationIsVisible = 0;
			defaultConfigurationName = Release;
		};
		147B6A152E3250A40072E35A /* Build configuration list for PBXNativeTarget "lyt" */ = {
			isa = XCConfigurationList;
			buildConfigurations = (
				147B6A162E3250A40072E35A /* Debug */,
				147B6A172E3250A40072E35A /* Release */,
			);
			defaultConfigurationIsVisible = 0;
			defaultConfigurationName = Release;
		};
		147B6A182E3250A40072E35A /* Build configuration list for PBXNativeTarget "lytTests" */ = {
			isa = XCConfigurationList;
			buildConfigurations = (
				147B6A192E3250A40072E35A /* Debug */,
				147B6A1A2E3250A40072E35A /* Release */,
			);
			defaultConfigurationIsVisible = 0;
			defaultConfigurationName = Release;
		};
		147B6A1B2E3250A40072E35A /* Build configuration list for PBXNativeTarget "lytUITests" */ = {
			isa = XCConfigurationList;
			buildConfigurations = (
				147B6A1C2E3250A40072E35A /* Debug */,
				147B6A1D2E3250A40072E35A /* Release */,
			);
			defaultConfigurationIsVisible = 0;
			defaultConfigurationName = Release;
		};
		14BA0BD12E36B00A00D8C95E /* Build configuration list for PBXNativeTarget "macos" */ = {
			isa = XCConfigurationList;
			buildConfigurations = (
				14BA0BD22E36B00A00D8C95E /* Debug */,
				14BA0BD32E36B00A00D8C95E /* Release */,
			);
			defaultConfigurationIsVisible = 0;
			defaultConfigurationName = Release;
		};
		14BA0BD42E36B00A00D8C95E /* Build configuration list for PBXNativeTarget "macosTests" */ = {
			isa = XCConfigurationList;
			buildConfigurations = (
				14BA0BD52E36B00A00D8C95E /* Debug */,
				14BA0BD62E36B00A00D8C95E /* Release */,
			);
			defaultConfigurationIsVisible = 0;
			defaultConfigurationName = Release;
		};
		14BA0BD72E36B00A00D8C95E /* Build configuration list for PBXNativeTarget "macosUITests" */ = {
			isa = XCConfigurationList;
			buildConfigurations = (
				14BA0BD82E36B00A00D8C95E /* Debug */,
				14BA0BD92E36B00A00D8C95E /* Release */,
			);
			defaultConfigurationIsVisible = 0;
			defaultConfigurationName = Release;
		};
		14BA0BFC2E36B02F00D8C95E /* Build configuration list for PBXNativeTarget "ios" */ = {
			isa = XCConfigurationList;
			buildConfigurations = (
				14BA0BFD2E36B02F00D8C95E /* Debug */,
				14BA0BFE2E36B02F00D8C95E /* Release */,
			);
			defaultConfigurationIsVisible = 0;
			defaultConfigurationName = Release;
		};
		14BA0BFF2E36B02F00D8C95E /* Build configuration list for PBXNativeTarget "iosTests" */ = {
			isa = XCConfigurationList;
			buildConfigurations = (
				14BA0C002E36B02F00D8C95E /* Debug */,
				14BA0C012E36B02F00D8C95E /* Release */,
			);
			defaultConfigurationIsVisible = 0;
			defaultConfigurationName = Release;
		};
		14BA0C022E36B02F00D8C95E /* Build configuration list for PBXNativeTarget "iosUITests" */ = {
			isa = XCConfigurationList;
			buildConfigurations = (
				14BA0C032E36B02F00D8C95E /* Debug */,
				14BA0C042E36B02F00D8C95E /* Release */,
			);
			defaultConfigurationIsVisible = 0;
			defaultConfigurationName = Release;
		};
		14BA0C272E36B07900D8C95E /* Build configuration list for PBXNativeTarget "tvos" */ = {
			isa = XCConfigurationList;
			buildConfigurations = (
				14BA0C282E36B07900D8C95E /* Debug */,
				14BA0C292E36B07900D8C95E /* Release */,
			);
			defaultConfigurationIsVisible = 0;
			defaultConfigurationName = Release;
		};
		14BA0C2A2E36B07900D8C95E /* Build configuration list for PBXNativeTarget "tvosTests" */ = {
			isa = XCConfigurationList;
			buildConfigurations = (
				14BA0C2B2E36B07900D8C95E /* Debug */,
				14BA0C2C2E36B07900D8C95E /* Release */,
			);
			defaultConfigurationIsVisible = 0;
			defaultConfigurationName = Release;
		};
		14BA0C2D2E36B07900D8C95E /* Build configuration list for PBXNativeTarget "tvosUITests" */ = {
			isa = XCConfigurationList;
			buildConfigurations = (
				14BA0C2E2E36B07900D8C95E /* Debug */,
				14BA0C2F2E36B07900D8C95E /* Release */,
			);
			defaultConfigurationIsVisible = 0;
			defaultConfigurationName = Release;
		};
		14BA0C522E36B0A600D8C95E /* Build configuration list for PBXNativeTarget "ipados" */ = {
			isa = XCConfigurationList;
			buildConfigurations = (
				14BA0C532E36B0A600D8C95E /* Debug */,
				14BA0C542E36B0A600D8C95E /* Release */,
			);
			defaultConfigurationIsVisible = 0;
			defaultConfigurationName = Release;
		};
		14BA0C552E36B0A600D8C95E /* Build configuration list for PBXNativeTarget "ipadosTests" */ = {
			isa = XCConfigurationList;
			buildConfigurations = (
				14BA0C562E36B0A600D8C95E /* Debug */,
				14BA0C572E36B0A600D8C95E /* Release */,
			);
			defaultConfigurationIsVisible = 0;
			defaultConfigurationName = Release;
		};
		14BA0C582E36B0A600D8C95E /* Build configuration list for PBXNativeTarget "ipadosUITests" */ = {
			isa = XCConfigurationList;
			buildConfigurations = (
				14BA0C592E36B0A600D8C95E /* Debug */,
				14BA0C5A2E36B0A600D8C95E /* Release */,
			);
			defaultConfigurationIsVisible = 0;
			defaultConfigurationName = Release;
		};
/* End XCConfigurationList section */
	};
	rootObject = 147B69EC2E3250A20072E35A /* Project object */;
}
